# This file is generated by running "yarn install" inside your project.
# Manual changes might be lost - proceed with caution!

__metadata:
  version: 9
  cacheKey: 10c0

"@biomejs/biome@npm:2.4.10":
  version: 2.4.10
  resolution: "@biomejs/biome@npm:2.4.10"
  dependencies:
    "@biomejs/cli-darwin-arm64": "npm:2.4.10"
    "@biomejs/cli-darwin-x64": "npm:2.4.10"
    "@biomejs/cli-linux-arm64": "npm:2.4.10"
    "@biomejs/cli-linux-arm64-musl": "npm:2.4.10"
    "@biomejs/cli-linux-x64": "npm:2.4.10"
    "@biomejs/cli-linux-x64-musl": "npm:2.4.10"
    "@biomejs/cli-win32-arm64": "npm:2.4.10"
    "@biomejs/cli-win32-x64": "npm:2.4.10"
  dependenciesMeta:
    "@biomejs/cli-darwin-arm64":
      optional: true
    "@biomejs/cli-darwin-x64":
      optional: true
    "@biomejs/cli-linux-arm64":
      optional: true
    "@biomejs/cli-linux-arm64-musl":
      optional: true
    "@biomejs/cli-linux-x64":
      optional: true
    "@biomejs/cli-linux-x64-musl":
      optional: true
    "@biomejs/cli-win32-arm64":
      optional: true
    "@biomejs/cli-win32-x64":
      optional: true
  bin:
    biome: bin/biome
  checksum: 10c0/80d10d5e6fa41a24efb9020ee73b79b0aca46942b55ea96e880c3bb45ea14c71e49fb1be9f134bee23b2d940bb8cad51a70351ca051e09a43613018dba693bd6
  languageName: node
  linkType: hard

"@biomejs/cli-darwin-arm64@npm:2.4.10":
  version: 2.4.10
  resolution: "@biomejs/cli-darwin-arm64@npm:2.4.10"
  conditions: os=darwin & cpu=arm64
  languageName: node
  linkType: hard

"@biomejs/cli-darwin-x64@npm:2.4.10":
  version: 2.4.10
  resolution: "@biomejs/cli-darwin-x64@npm:2.4.10"
  conditions: os=darwin & cpu=x64
  languageName: node
  linkType: hard

"@biomejs/cli-linux-arm64-musl@npm:2.4.10":
  version: 2.4.10
  resolution: "@biomejs/cli-linux-arm64-musl@npm:2.4.10"
  conditions: os=linux & cpu=arm64 & libc=musl
  languageName: node
  linkType: hard

"@biomejs/cli-linux-arm64@npm:2.4.10":
  version: 2.4.10
  resolution: "@biomejs/cli-linux-arm64@npm:2.4.10"
  conditions: os=linux & cpu=arm64 & libc=glibc
  languageName: node
  linkType: hard

"@biomejs/cli-linux-x64-musl@npm:2.4.10":
  version: 2.4.10
  resolution: "@biomejs/cli-linux-x64-musl@npm:2.4.10"
  conditions: os=linux & cpu=x64 & libc=musl
  languageName: node
  linkType: hard

"@biomejs/cli-linux-x64@npm:2.4.10":
  version: 2.4.10
  resolution: "@biomejs/cli-linux-x64@npm:2.4.10"
  conditions: os=linux & cpu=x64 & libc=glibc
  languageName: node
  linkType: hard

"@biomejs/cli-win32-arm64@npm:2.4.10":
  version: 2.4.10
  resolution: "@biomejs/cli-win32-arm64@npm:2.4.10"
  conditions: os=win32 & cpu=arm64
  languageName: node
  linkType: hard

"@biomejs/cli-win32-x64@npm:2.4.10":
  version: 2.4.10
  resolution: "@biomejs/cli-win32-x64@npm:2.4.10"
  conditions: os=win32 & cpu=x64
  languageName: node
  linkType: hard

"@blazediff/core@npm:1.9.1":
  version: 1.9.1
  resolution: "@blazediff/core@npm:1.9.1"
  checksum: 10c0/fd45cdd0544002341d74831a179ef693a81414abd348c1ff0c01086c0ea03f5e5ee284c4e16c2e6fb3670c265f90a3d85752b9360320efa9a835928e604dae77
  languageName: node
  linkType: hard

"@jridgewell/sourcemap-codec@npm:^1.5.5":
  version: 1.5.5
  resolution: "@jridgewell/sourcemap-codec@npm:1.5.5"
  checksum: 10c0/f9e538f302b63c0ebc06eecb1dd9918dd4289ed36147a0ddce35d6ea4d7ebbda243cda7b2213b6a5e1d8087a298d5cf630fb2bd39329cdecb82017023f6081a0
  languageName: node
  linkType: hard

"@napi-rs/wasm-runtime@npm:^1.1.1":
  version: 1.1.2
  resolution: "@napi-rs/wasm-runtime@npm:1.1.2"
  dependencies:
    "@tybys/wasm-util": "npm:^0.10.1"
  peerDependencies:
    "@emnapi/core": ^1.7.1
    "@emnapi/runtime": ^1.7.1
  checksum: 10c0/725c30ec9c480a8d0c1a6a4ce31dc6c830365d485e23ad560e143d1cb9db89a0c95fbb5b9d53c07121729817a3683db6f1ab65d7e4f38fa7482a11b15ef6c6fd
  languageName: node
  linkType: hard

"@oxc-project/types@npm:=0.122.0":
  version: 0.122.0
  resolution: "@oxc-project/types@npm:0.122.0"
  checksum: 10c0/2c64dd0db949426fd0c86d4f61eded5902e7b7b166356a825bd3a248aeaa29a495f78918f66ab78e99644b67bd7556096e2a8123cec74ca4141c604f424f4f74
  languageName: node
  linkType: hard

"@polka/url@npm:^1.0.0-next.24":
  version: 1.0.0-next.29
  resolution: "@polka/url@npm:1.0.0-next.29"
  checksum: 10c0/0d58e081844095cb029d3c19a659bfefd09d5d51a2f791bc61eba7ea826f13d6ee204a8a448c2f5a855c17df07b37517373ff916dd05801063c0568ae9937684
  languageName: node
  linkType: hard

"@rolldown/binding-android-arm64@npm:1.0.0-rc.12":
  version: 1.0.0-rc.12
  resolution: "@rolldown/binding-android-arm64@npm:1.0.0-rc.12"
  conditions: os=android & cpu=arm64
  languageName: node
  linkType: hard

"@rolldown/binding-darwin-arm64@npm:1.0.0-rc.12":
  version: 1.0.0-rc.12
  resolution: "@rolldown/binding-darwin-arm64@npm:1.0.0-rc.12"
  conditions: os=darwin & cpu=arm64
  languageName: node
  linkType: hard

"@rolldown/binding-darwin-x64@npm:1.0.0-rc.12":
  version: 1.0.0-rc.12
  resolution: "@rolldown/binding-darwin-x64@npm:1.0.0-rc.12"
  conditions: os=darwin & cpu=x64
  languageName: node
  linkType: hard

"@rolldown/binding-freebsd-x64@npm:1.0.0-rc.12":
  version: 1.0.0-rc.12
  resolution: "@rolldown/binding-freebsd-x64@npm:1.0.0-rc.12"
  conditions: os=freebsd & cpu=x64
  languageName: node
  linkType: hard

"@rolldown/binding-linux-arm-gnueabihf@npm:1.0.0-rc.12":
  version: 1.0.0-rc.12
  resolution: "@rolldown/binding-linux-arm-gnueabihf@npm:1.0.0-rc.12"
  conditions: os=linux & cpu=arm
  languageName: node
  linkType: hard

"@rolldown/binding-linux-arm64-gnu@npm:1.0.0-rc.12":
  version: 1.0.0-rc.12
  resolution: "@rolldown/binding-linux-arm64-gnu@npm:1.0.0-rc.12"
  conditions: os=linux & cpu=arm64 & libc=glibc
  languageName: node
  linkType: hard

"@rolldown/binding-linux-arm64-musl@npm:1.0.0-rc.12":
  version: 1.0.0-rc.12
  resolution: "@rolldown/binding-linux-arm64-musl@npm:1.0.0-rc.12"
  conditions: os=linux & cpu=arm64 & libc=musl
  languageName: node
  linkType: hard

"@rolldown/binding-linux-ppc64-gnu@npm:1.0.0-rc.12":
  version: 1.0.0-rc.12
  resolution: "@rolldown/binding-linux-ppc64-gnu@npm:1.0.0-rc.12"
  conditions: os=linux & cpu=ppc64 & libc=glibc
  languageName: node
  linkType: hard

"@rolldown/binding-linux-s390x-gnu@npm:1.0.0-rc.12":
  version: 1.0.0-rc.12
  resolution: "@rolldown/binding-linux-s390x-gnu@npm:1.0.0-rc.12"
  conditions: os=linux & cpu=s390x & libc=glibc
  languageName: node
  linkType: hard

"@rolldown/binding-linux-x64-gnu@npm:1.0.0-rc.12":
  version: 1.0.0-rc.12
  resolution: "@rolldown/binding-linux-x64-gnu@npm:1.0.0-rc.12"
  conditions: os=linux & cpu=x64 & libc=glibc
  languageName: node
  linkType: hard

"@rolldown/binding-linux-x64-musl@npm:1.0.0-rc.12":
  version: 1.0.0-rc.12
  resolution: "@rolldown/binding-linux-x64-musl@npm:1.0.0-rc.12"
  conditions: os=linux & cpu=x64 & libc=musl
  languageName: node
  linkType: hard

"@rolldown/binding-openharmony-arm64@npm:1.0.0-rc.12":
  version: 1.0.0-rc.12
  resolution: "@rolldown/binding-openharmony-arm64@npm:1.0.0-rc.12"
  conditions: os=openharmony & cpu=arm64
  languageName: node
  linkType: hard

"@rolldown/binding-wasm32-wasi@npm:1.0.0-rc.12":
  version: 1.0.0-rc.12
  resolution: "@rolldown/binding-wasm32-wasi@npm:1.0.0-rc.12"
  dependencies:
    "@napi-rs/wasm-runtime": "npm:^1.1.1"
  conditions: cpu=wasm32
  languageName: node
  linkType: hard

"@rolldown/binding-win32-arm64-msvc@npm:1.0.0-rc.12":
  version: 1.0.0-rc.12
  resolution: "@rolldown/binding-win32-arm64-msvc@npm:1.0.0-rc.12"
  conditions: os=win32 & cpu=arm64
  languageName: node
  linkType: hard

"@rolldown/binding-win32-x64-msvc@npm:1.0.0-rc.12":
  version: 1.0.0-rc.12
  resolution: "@rolldown/binding-win32-x64-msvc@npm:1.0.0-rc.12"
  conditions: os=win32 & cpu=x64
  languageName: node
  linkType: hard

"@rolldown/pluginutils@npm:1.0.0-rc.12":
  version: 1.0.0-rc.12
  resolution: "@rolldown/pluginutils@npm:1.0.0-rc.12"
  checksum: 10c0/f785d1180ea4876bf6a6a67135822808d1c07f902409524ff1088779f7d5318f6e603d281fb107a5145c1ca54b7cabebd359629ec474ebbc2812f2cf53db4023
  languageName: node
  linkType: hard

"@standard-schema/spec@npm:^1.1.0":
  version: 1.1.0
  resolution: "@standard-schema/spec@npm:1.1.0"
  checksum: 10c0/d90f55acde4b2deb983529c87e8025fa693de1a5e8b49ecc6eb84d1fd96328add0e03d7d551442156c7432fd78165b2c26ff561b970a9a881f046abb78d6a526
  languageName: node
  linkType: hard

"@tybys/wasm-util@npm:^0.10.1":
  version: 0.10.1
  resolution: "@tybys/wasm-util@npm:0.10.1"
  dependencies:
    tslib: "npm:^2.4.0"
  checksum: 10c0/b255094f293794c6d2289300c5fbcafbb5532a3aed3a5ffd2f8dc1828e639b88d75f6a376dd8f94347a44813fd7a7149d8463477a9a49525c8b2dcaa38c2d1e8
  languageName: node
  linkType: hard

"@types/chai@npm:^5.2.2":
  version: 5.2.2
  resolution: "@types/chai@npm:5.2.2"
  dependencies:
    "@types/deep-eql": "npm:*"
  checksum: 10c0/49282bf0e8246800ebb36f17256f97bd3a8c4fb31f92ad3c0eaa7623518d7e87f1eaad4ad206960fcaf7175854bdff4cb167e4fe96811e0081b4ada83dd533ec
  languageName: node
  linkType: hard

"@types/deep-eql@npm:*":
  version: 4.0.2
  resolution: "@types/deep-eql@npm:4.0.2"
  checksum: 10c0/bf3f811843117900d7084b9d0c852da9a044d12eb40e6de73b552598a6843c21291a8a381b0532644574beecd5e3491c5ff3a0365ab86b15d59862c025384844
  languageName: node
  linkType: hard

"@types/estree@npm:^1.0.0":
  version: 1.0.8
  resolution: "@types/estree@npm:1.0.8"
  checksum: 10c0/39d34d1afaa338ab9763f37ad6066e3f349444f9052b9676a7cc0252ef9485a41c6d81c9c4e0d26e9077993354edf25efc853f3224dd4b447175ef62bdcc86a5
  languageName: node
  linkType: hard

"@types/react-dom@npm:^19.2.0":
  version: 19.2.3
  resolution: "@types/react-dom@npm:19.2.3"
  peerDependencies:
    "@types/react": ^19.2.0
  checksum: 10c0/b486ebe0f4e2fb35e2e108df1d8fc0927ca5d6002d5771e8a739de11239fe62d0e207c50886185253c99eb9dedfeeb956ea7429e5ba17f6693c7acb4c02f8cd1
  languageName: node
  linkType: hard

"@types/react@npm:^19.2.0":
  version: 19.2.14
  resolution: "@types/react@npm:19.2.14"
  dependencies:
    csstype: "npm:^3.2.2"
  checksum: 10c0/7d25bf41b57719452d86d2ac0570b659210402707313a36ee612666bf11275a1c69824f8c3ee1fdca077ccfe15452f6da8f1224529b917050eb2d861e52b59b7
  languageName: node
  linkType: hard

"@vitest/browser-playwright@npm:^4.1.0":
  version: 4.1.3
  resolution: "@vitest/browser-playwright@npm:4.1.3"
  dependencies:
    "@vitest/browser": "npm:4.1.3"
    "@vitest/mocker": "npm:4.1.3"
    tinyrainbow: "npm:^3.1.0"
  peerDependencies:
    playwright: "*"
    vitest: 4.1.3
  peerDependenciesMeta:
    playwright:
      optional: false
  checksum: 10c0/91d6069f4aec09d81f06ea164d66b0778b95701ed866d27bd10e4df45606c774d62f6adc56dcd4bdd815dba7b0d4ace791825043acdf16d1c12854594cec5eef
  languageName: node
  linkType: hard

"@vitest/browser@npm:4.1.3":
  version: 4.1.3
  resolution: "@vitest/browser@npm:4.1.3"
  dependencies:
    "@blazediff/core": "npm:1.9.1"
    "@vitest/mocker": "npm:4.1.3"
    "@vitest/utils": "npm:4.1.3"
    magic-string: "npm:^0.30.21"
    pngjs: "npm:^7.0.0"
    sirv: "npm:^3.0.2"
    tinyrainbow: "npm:^3.1.0"
    ws: "npm:^8.19.0"
  peerDependencies:
    vitest: 4.1.3
  checksum: 10c0/9104ff00b99464ab257c0400826fd5cf6f36fb230b61afafeeea62cd727e846550468cda09b468d01f5a29659bdd13673079b6d7d6f3b00b4c627d232421ebfb
  languageName: node
  linkType: hard

"@vitest/expect@npm:4.1.3":
  version: 4.1.3
  resolution: "@vitest/expect@npm:4.1.3"
  dependencies:
    "@standard-schema/spec": "npm:^1.1.0"
    "@types/chai": "npm:^5.2.2"
    "@vitest/spy": "npm:4.1.3"
    "@vitest/utils": "npm:4.1.3"
    chai: "npm:^6.2.2"
    tinyrainbow: "npm:^3.1.0"
  checksum: 10c0/e5e27e22b8f6d7bd8e5f7a5c862a54a52c8933ae5420fab14843b0d24c8e6bd834523c30d75e5ea699717934093ac79d8fab5b6e7b451950cc6f2c0a58662598
  languageName: node
  linkType: hard

"@vitest/mocker@npm:4.1.3":
  version: 4.1.3
  resolution: "@vitest/mocker@npm:4.1.3"
  dependencies:
    "@vitest/spy": "npm:4.1.3"
    estree-walker: "npm:^3.0.3"
    magic-string: "npm:^0.30.21"
  peerDependencies:
    msw: ^2.4.9
    vite: ^6.0.0 || ^7.0.0 || ^8.0.0
  peerDependenciesMeta:
    msw:
      optional: true
    vite:
      optional: true
  checksum: 10c0/cbe54a931756b27c454bad5a174d9c5d5d7971e06c1e2d1f97d7c267db526741adfe4825f3c7bacddb6bd0d9a9675d3220e9986ec407ae606a1d8195cf2624a2
  languageName: node
  linkType: hard

"@vitest/pretty-format@npm:4.1.3":
  version: 4.1.3
  resolution: "@vitest/pretty-format@npm:4.1.3"
  dependencies:
    tinyrainbow: "npm:^3.1.0"
  checksum: 10c0/07ce23b95588ae15ae0447575f8f35a65f18253a74f73ec8da01a29ff2f31f2915ced1e67fc71911521c0a317910b35967bdbcdcf97c95bb847a4bccf38d7b36
  languageName: node
  linkType: hard

"@vitest/runner@npm:4.1.3":
  version: 4.1.3
  resolution: "@vitest/runner@npm:4.1.3"
  dependencies:
    "@vitest/utils": "npm:4.1.3"
    pathe: "npm:^2.0.3"
  checksum: 10c0/41a507f138f0f14aa19869d3096e30a284270f11d39a79dd424c7f688a557bd4dd6b63d0225f9da2db47ef140b0019fec82eb87bfd6c755e817511b10ffbf3e6
  languageName: node
  linkType: hard

"@vitest/snapshot@npm:4.1.3":
  version: 4.1.3
  resolution: "@vitest/snapshot@npm:4.1.3"
  dependencies:
    "@vitest/pretty-format": "npm:4.1.3"
    "@vitest/utils": "npm:4.1.3"
    magic-string: "npm:^0.30.21"
    pathe: "npm:^2.0.3"
  checksum: 10c0/bc42c5f9e4d8fc226bd578b9679e55bc5473a96f2917db79c71015003604cbe17580d17c38361e41fbce25881ad6de0aaffe1f87a6c1e2fe37959afc44c4b754
  languageName: node
  linkType: hard

"@vitest/spy@npm:4.1.3":
  version: 4.1.3
  resolution: "@vitest/spy@npm:4.1.3"
  checksum: 10c0/aa3279c404fbb8befed0c7b797e385438b9850c2df1a462dcfccda57679dcabbdf2601fa753f46d58d72a6bee7023db65b7ab4521406489edf470367484c8b75
  languageName: node
  linkType: hard

"@vitest/utils@npm:4.1.3":
  version: 4.1.3
  resolution: "@vitest/utils@npm:4.1.3"
  dependencies:
    "@vitest/pretty-format": "npm:4.1.3"
    convert-source-map: "npm:^2.0.0"
    tinyrainbow: "npm:^3.1.0"
  checksum: 10c0/1cc0a0a107322a42aa6d03f578f34316da7ccfded4810400f1b2bc6e11dae8715a2b213da36878a38bb5c621b5a7a264b29b0f06d344db30f46e18f326238c70
  languageName: node
  linkType: hard

"@wojtekmaj/react-hooks@workspace:.":
  version: 0.0.0-use.local
  resolution: "@wojtekmaj/react-hooks@workspace:."
  dependencies:
    "@biomejs/biome": "npm:2.4.10"
    "@types/react": "npm:^19.2.0"
    "@types/react-dom": "npm:^19.2.0"
    "@vitest/browser-playwright": "npm:^4.1.0"
    husky: "npm:^9.0.0"
    playwright: "npm:^1.55.1"
    react: "npm:^19.2.0"
    react-dom: "npm:^19.2.0"
    typescript: "npm:^6.0.2"
    vitest: "npm:^4.1.0"
    vitest-browser-react: "npm:^2.2.0"
  peerDependencies:
    "@types/react": ^16.8.0 || ^17.0.0 || ^18.0.0 || ^19.0.0
    react: ^16.8.0 || ^17.0.0 || ^18.0.0 || ^19.0.0
  peerDependenciesMeta:
    "@types/react":
      optional: true
  languageName: unknown
  linkType: soft

"chai@npm:^6.2.2":
  version: 6.2.2
  resolution: "chai@npm:6.2.2"
  checksum: 10c0/e6c69e5f0c11dffe6ea13d0290936ebb68fcc1ad688b8e952e131df6a6d5797d5e860bc55cef1aca2e950c3e1f96daf79e9d5a70fb7dbaab4e46355e2635ed53
  languageName: node
  linkType: hard

"convert-source-map@npm:^2.0.0":
  version: 2.0.0
  resolution: "convert-source-map@npm:2.0.0"
  checksum: 10c0/8f2f7a27a1a011cc6cc88cc4da2d7d0cfa5ee0369508baae3d98c260bb3ac520691464e5bbe4ae7cdf09860c1d69ecc6f70c63c6e7c7f7e3f18ec08484dc7d9b
  languageName: node
  linkType: hard

"csstype@npm:^3.2.2":
  version: 3.2.3
  resolution: "csstype@npm:3.2.3"
  checksum: 10c0/cd29c51e70fa822f1cecd8641a1445bed7063697469d35633b516e60fe8c1bde04b08f6c5b6022136bb669b64c63d4173af54864510fbb4ee23281801841a3ce
  languageName: node
  linkType: hard

"detect-libc@npm:^2.0.3":
  version: 2.1.2
  resolution: "detect-libc@npm:2.1.2"
  checksum: 10c0/acc675c29a5649fa1fb6e255f993b8ee829e510b6b56b0910666949c80c364738833417d0edb5f90e4e46be17228b0f2b66a010513984e18b15deeeac49369c4
  languageName: node
  linkType: hard

"es-module-lexer@npm:^2.0.0":
  version: 2.0.0
  resolution: "es-module-lexer@npm:2.0.0"
  checksum: 10c0/ae78dbbd43035a4b972c46cfb6877e374ea290adfc62bc2f5a083fea242c0b2baaab25c5886af86be55f092f4a326741cb94334cd3c478c383fdc8a9ec5ff817
  languageName: node
  linkType: hard

"estree-walker@npm:^3.0.3":
  version: 3.0.3
  resolution: "estree-walker@npm:3.0.3"
  dependencies:
    "@types/estree": "npm:^1.0.0"
  checksum: 10c0/c12e3c2b2642d2bcae7d5aa495c60fa2f299160946535763969a1c83fc74518ffa9c2cd3a8b69ac56aea547df6a8aac25f729a342992ef0bbac5f1c73e78995d
  languageName: node
  linkType: hard

"expect-type@npm:^1.3.0":
  version: 1.3.0
  resolution: "expect-type@npm:1.3.0"
  checksum: 10c0/8412b3fe4f392c420ab41dae220b09700e4e47c639a29ba7ba2e83cc6cffd2b4926f7ac9e47d7e277e8f4f02acda76fd6931cb81fd2b382fa9477ef9ada953fd
  languageName: node
  linkType: hard

"fdir@npm:^6.5.0":
  version: 6.5.0
  resolution: "fdir@npm:6.5.0"
  peerDependencies:
    picomatch: ^3 || ^4
  peerDependenciesMeta:
    picomatch:
      optional: true
  checksum: 10c0/e345083c4306b3aed6cb8ec551e26c36bab5c511e99ea4576a16750ddc8d3240e63826cc624f5ae17ad4dc82e68a253213b60d556c11bfad064b7607847ed07f
  languageName: node
  linkType: hard

"fsevents@npm:2.3.2":
  version: 2.3.2
  resolution: "fsevents@npm:2.3.2"
  checksum: 10c0/be78a3efa3e181cda3cf7a4637cb527bcebb0bd0ea0440105a3bb45b86f9245b307dc10a2507e8f4498a7d4ec349d1910f4d73e4d4495b16103106e07eee735b
  conditions: os=darwin
  languageName: node
  linkType: hard

"fsevents@npm:~2.3.3":
  version: 2.3.3
  resolution: "fsevents@npm:2.3.3"
  checksum: 10c0/a1f0c44595123ed717febbc478aa952e47adfc28e2092be66b8ab1635147254ca6cfe1df792a8997f22716d4cbafc73309899ff7bfac2ac3ad8cf2e4ecc3ec60
  conditions: os=darwin
  languageName: node
  linkType: hard

"fsevents@patch:fsevents@npm%3A2.3.2#optional!builtin<compat/fsevents>":
  version: 2.3.2
  resolution: "fsevents@patch:fsevents@npm%3A2.3.2#optional!builtin<compat/fsevents>::version=2.3.2&hash=df0bf1"
  conditions: os=darwin
  languageName: node
  linkType: hard

"fsevents@patch:fsevents@npm%3A~2.3.3#optional!builtin<compat/fsevents>":
  version: 2.3.3
  resolution: "fsevents@patch:fsevents@npm%3A2.3.3#optional!builtin<compat/fsevents>::version=2.3.3&hash=df0bf1"
  conditions: os=darwin
  languageName: node
  linkType: hard

"husky@npm:^9.0.0":
  version: 9.0.7
  resolution: "husky@npm:9.0.7"
  bin:
    husky: bin.js
  checksum: 10c0/ac36838bc230b42ca878eeb6993cba5499b858700581fa9e8b579227af9ad47bdbf4c050f4145f51f33f77c16d359f329622b7050150c78a7c52be26cc24174e
  languageName: node
  linkType: hard

"lightningcss-android-arm64@npm:1.32.0":
  version: 1.32.0
  resolution: "lightningcss-android-arm64@npm:1.32.0"
  conditions: os=android & cpu=arm64
  languageName: node
  linkType: hard

"lightningcss-darwin-arm64@npm:1.32.0":
  version: 1.32.0
  resolution: "lightningcss-darwin-arm64@npm:1.32.0"
  conditions: os=darwin & cpu=arm64
  languageName: node
  linkType: hard

"lightningcss-darwin-x64@npm:1.32.0":
  version: 1.32.0
  resolution: "lightningcss-darwin-x64@npm:1.32.0"
  conditions: os=darwin & cpu=x64
  languageName: node
  linkType: hard

"lightningcss-freebsd-x64@npm:1.32.0":
  version: 1.32.0
  resolution: "lightningcss-freebsd-x64@npm:1.32.0"
  conditions: os=freebsd & cpu=x64
  languageName: node
  linkType: hard

"lightningcss-linux-arm-gnueabihf@npm:1.32.0":
  version: 1.32.0
  resolution: "lightningcss-linux-arm-gnueabihf@npm:1.32.0"
  conditions: os=linux & cpu=arm
  languageName: node
  linkType: hard

"lightningcss-linux-arm64-gnu@npm:1.32.0":
  version: 1.32.0
  resolution: "lightningcss-linux-arm64-gnu@npm:1.32.0"
  conditions: os=linux & cpu=arm64 & libc=glibc
  languageName: node
  linkType: hard

"lightningcss-linux-arm64-musl@npm:1.32.0":
  version: 1.32.0
  resolution: "lightningcss-linux-arm64-musl@npm:1.32.0"
  conditions: os=linux & cpu=arm64 & libc=musl
  languageName: node
  linkType: hard

"lightningcss-linux-x64-gnu@npm:1.32.0":
  version: 1.32.0
  resolution: "lightningcss-linux-x64-gnu@npm:1.32.0"
  conditions: os=linux & cpu=x64 & libc=glibc
  languageName: node
  linkType: hard

"lightningcss-linux-x64-musl@npm:1.32.0":
  version: 1.32.0
  resolution: "lightningcss-linux-x64-musl@npm:1.32.0"
  conditions: os=linux & cpu=x64 & libc=musl
  languageName: node
  linkType: hard

"lightningcss-win32-arm64-msvc@npm:1.32.0":
  version: 1.32.0
  resolution: "lightningcss-win32-arm64-msvc@npm:1.32.0"
  conditions: os=win32 & cpu=arm64
  languageName: node
  linkType: hard

"lightningcss-win32-x64-msvc@npm:1.32.0":
  version: 1.32.0
  resolution: "lightningcss-win32-x64-msvc@npm:1.32.0"
  conditions: os=win32 & cpu=x64
  languageName: node
  linkType: hard

"lightningcss@npm:^1.32.0":
  version: 1.32.0
  resolution: "lightningcss@npm:1.32.0"
  dependencies:
    detect-libc: "npm:^2.0.3"
    lightningcss-android-arm64: "npm:1.32.0"
    lightningcss-darwin-arm64: "npm:1.32.0"
    lightningcss-darwin-x64: "npm:1.32.0"
    lightningcss-freebsd-x64: "npm:1.32.0"
    lightningcss-linux-arm-gnueabihf: "npm:1.32.0"
    lightningcss-linux-arm64-gnu: "npm:1.32.0"
    lightningcss-linux-arm64-musl: "npm:1.32.0"
    lightningcss-linux-x64-gnu: "npm:1.32.0"
    lightningcss-linux-x64-musl: "npm:1.32.0"
    lightningcss-win32-arm64-msvc: "npm:1.32.0"
    lightningcss-win32-x64-msvc: "npm:1.32.0"
  dependenciesMeta:
    lightningcss-android-arm64:
      optional: true
    lightningcss-darwin-arm64:
      optional: true
    lightningcss-darwin-x64:
      optional: true
    lightningcss-freebsd-x64:
      optional: true
    lightningcss-linux-arm-gnueabihf:
      optional: true
    lightningcss-linux-arm64-gnu:
      optional: true
    lightningcss-linux-arm64-musl:
      optional: true
    lightningcss-linux-x64-gnu:
      optional: true
    lightningcss-linux-x64-musl:
      optional: true
    lightningcss-win32-arm64-msvc:
      optional: true
    lightningcss-win32-x64-msvc:
      optional: true
  checksum: 10c0/70945bd55097af46fc9fab7f5ed09cd5869d85940a2acab7ee06d0117004a1d68155708a2d462531cea2fc3c67aefc9333a7068c80b0b78dd404c16838809e03
  languageName: node
  linkType: hard

"magic-string@npm:^0.30.21":
  version: 0.30.21
  resolution: "magic-string@npm:0.30.21"
  dependencies:
    "@jridgewell/sourcemap-codec": "npm:^1.5.5"
  checksum: 10c0/299378e38f9a270069fc62358522ddfb44e94244baa0d6a8980ab2a9b2490a1d03b236b447eee309e17eb3bddfa482c61259d47960eb018a904f0ded52780c4a
  languageName: node
  linkType: hard

"mrmime@npm:^2.0.0":
  version: 2.0.1
  resolution: "mrmime@npm:2.0.1"
  checksum: 10c0/af05afd95af202fdd620422f976ad67dc18e6ee29beb03dd1ce950ea6ef664de378e44197246df4c7cdd73d47f2e7143a6e26e473084b9e4aa2095c0ad1e1761
  languageName: node
  linkType: hard

"nanoid@npm:^3.3.11":
  version: 3.3.11
  resolution: "nanoid@npm:3.3.11"
  bin:
    nanoid: bin/nanoid.cjs
  checksum: 10c0/40e7f70b3d15f725ca072dfc4f74e81fcf1fbb02e491cf58ac0c79093adc9b0a73b152bcde57df4b79cd097e13023d7504acb38404a4da7bc1cd8e887b82fe0b
  languageName: node
  linkType: hard

"obug@npm:^2.1.1":
  version: 2.1.1
  resolution: "obug@npm:2.1.1"
  checksum: 10c0/59dccd7de72a047e08f8649e94c1015ec72f94eefb6ddb57fb4812c4b425a813bc7e7cd30c9aca20db3c59abc3c85cc7a62bb656a968741d770f4e8e02bc2e78
  languageName: node
  linkType: hard

"pathe@npm:^2.0.3":
  version: 2.0.3
  resolution: "pathe@npm:2.0.3"
  checksum: 10c0/c118dc5a8b5c4166011b2b70608762e260085180bb9e33e80a50dcdb1e78c010b1624f4280c492c92b05fc276715a4c357d1f9edc570f8f1b3d90b6839ebaca1
  languageName: node
  linkType: hard

"picocolors@npm:^1.1.1":
  version: 1.1.1
  resolution: "picocolors@npm:1.1.1"
  checksum: 10c0/e2e3e8170ab9d7c7421969adaa7e1b31434f789afb9b3f115f6b96d91945041ac3ceb02e9ec6fe6510ff036bcc0bf91e69a1772edc0b707e12b19c0f2d6bcf58
  languageName: node
  linkType: hard

"picomatch@npm:^4.0.3, picomatch@npm:^4.0.4":
  version: 4.0.4
  resolution: "picomatch@npm:4.0.4"
  checksum: 10c0/e2c6023372cc7b5764719a5ffb9da0f8e781212fa7ca4bd0562db929df8e117460f00dff3cb7509dacfc06b86de924b247f504d0ce1806a37fac4633081466b0
  languageName: node
  linkType: hard

"playwright-core@npm:1.56.1":
  version: 1.56.1
  resolution: "playwright-core@npm:1.56.1"
  bin:
    playwright-core: cli.js
  checksum: 10c0/ffd40142b99c68678b387445d5b42f1fee4ab0b65d983058c37f342e5629f9cdbdac0506ea80a0dfd41a8f9f13345bad54e9a8c35826ef66dc765f4eb3db8da7
  languageName: node
  linkType: hard

"playwright@npm:^1.55.1":
  version: 1.56.1
  resolution: "playwright@npm:1.56.1"
  dependencies:
    fsevents: "npm:2.3.2"
    playwright-core: "npm:1.56.1"
  dependenciesMeta:
    fsevents:
      optional: true
  bin:
    playwright: cli.js
  checksum: 10c0/8e9965aede86df0f4722063385748498977b219630a40a10d1b82b8bd8d4d4e9b6b65ecbfa024331a30800163161aca292fb6dd7446c531a1ad25f4155625ab4
  languageName: node
  linkType: hard

"pngjs@npm:^7.0.0":
  version: 7.0.0
  resolution: "pngjs@npm:7.0.0"
  checksum: 10c0/0d4c7a0fd476a9c33df7d0a2a73e1d56537628a668841f6995c2bca070cf30819f9254a64363266bc14ef2fee47659dd3b4f2b18eec7ab65143015139f497b38
  languageName: node
  linkType: hard

"postcss@npm:^8.5.8":
  version: 8.5.10
  resolution: "postcss@npm:8.5.10"
  dependencies:
    nanoid: "npm:^3.3.11"
    picocolors: "npm:^1.1.1"
    source-map-js: "npm:^1.2.1"
  checksum: 10c0/c592dffa0c4873b401f01955b265538d9942f425040df5e2b8f0ad34c83773a792ea0fa5859ccc99cfb5b955b4ebff118ab7056315388dc83b107b0fa8313576
  languageName: node
  linkType: hard

"react-dom@npm:^19.2.0":
  version: 19.2.4
  resolution: "react-dom@npm:19.2.4"
  dependencies:
    scheduler: "npm:^0.27.0"
  peerDependencies:
    react: ^19.2.4
  checksum: 10c0/f0c63f1794dedb154136d4d0f59af00b41907f4859571c155940296808f4b94bf9c0c20633db75b5b2112ec13d8d7dd4f9bf57362ed48782f317b11d05a44f35
  languageName: node
  linkType: hard

"react@npm:^19.2.0":
  version: 19.2.4
  resolution: "react@npm:19.2.4"
  checksum: 10c0/cd2c9ff67a720799cc3b38a516009986f7fc4cb8d3e15716c6211cf098d1357ee3e348ab05ad0600042bbb0fd888530ba92e329198c92eafa0994f5213396596
  languageName: node
  linkType: hard

"rolldown@npm:1.0.0-rc.12":
  version: 1.0.0-rc.12
  resolution: "rolldown@npm:1.0.0-rc.12"
  dependencies:
    "@oxc-project/types": "npm:=0.122.0"
    "@rolldown/binding-android-arm64": "npm:1.0.0-rc.12"
    "@rolldown/binding-darwin-arm64": "npm:1.0.0-rc.12"
    "@rolldown/binding-darwin-x64": "npm:1.0.0-rc.12"
    "@rolldown/binding-freebsd-x64": "npm:1.0.0-rc.12"
    "@rolldown/binding-linux-arm-gnueabihf": "npm:1.0.0-rc.12"
    "@rolldown/binding-linux-arm64-gnu": "npm:1.0.0-rc.12"
    "@rolldown/binding-linux-arm64-musl": "npm:1.0.0-rc.12"
    "@rolldown/binding-linux-ppc64-gnu": "npm:1.0.0-rc.12"
    "@rolldown/binding-linux-s390x-gnu": "npm:1.0.0-rc.12"
    "@rolldown/binding-linux-x64-gnu": "npm:1.0.0-rc.12"
    "@rolldown/binding-linux-x64-musl": "npm:1.0.0-rc.12"
    "@rolldown/binding-openharmony-arm64": "npm:1.0.0-rc.12"
    "@rolldown/binding-wasm32-wasi": "npm:1.0.0-rc.12"
    "@rolldown/binding-win32-arm64-msvc": "npm:1.0.0-rc.12"
    "@rolldown/binding-win32-x64-msvc": "npm:1.0.0-rc.12"
    "@rolldown/pluginutils": "npm:1.0.0-rc.12"
  dependenciesMeta:
    "@rolldown/binding-android-arm64":
      optional: true
    "@rolldown/binding-darwin-arm64":
      optional: true
    "@rolldown/binding-darwin-x64":
      optional: true
    "@rolldown/binding-freebsd-x64":
      optional: true
    "@rolldown/binding-linux-arm-gnueabihf":
      optional: true
    "@rolldown/binding-linux-arm64-gnu":
      optional: true
    "@rolldown/binding-linux-arm64-musl":
      optional: true
    "@rolldown/binding-linux-ppc64-gnu":
      optional: true
    "@rolldown/binding-linux-s390x-gnu":
      optional: true
    "@rolldown/binding-linux-x64-gnu":
      optional: true
    "@rolldown/binding-linux-x64-musl":
      optional: true
    "@rolldown/binding-openharmony-arm64":
      optional: true
    "@rolldown/binding-wasm32-wasi":
      optional: true
    "@rolldown/binding-win32-arm64-msvc":
      optional: true
    "@rolldown/binding-win32-x64-msvc":
      optional: true
  bin:
    rolldown: bin/cli.mjs
  checksum: 10c0/0c4e5e3cdcdddce282cb2d84e1c98d6ad8d4e452d5c1402e498b35ec1060026e552dd783efc9f4ba876d7c0863b5973edc79b6a546f565e9832dc1077ec18c2c
  languageName: node
  linkType: hard

"scheduler@npm:^0.27.0":
  version: 0.27.0
  resolution: "scheduler@npm:0.27.0"
  checksum: 10c0/4f03048cb05a3c8fddc45813052251eca00688f413a3cee236d984a161da28db28ba71bd11e7a3dd02f7af84ab28d39fb311431d3b3772fed557945beb00c452
  languageName: node
  linkType: hard

"siginfo@npm:^2.0.0":
  version: 2.0.0
  resolution: "siginfo@npm:2.0.0"
  checksum: 10c0/3def8f8e516fbb34cb6ae415b07ccc5d9c018d85b4b8611e3dc6f8be6d1899f693a4382913c9ed51a06babb5201639d76453ab297d1c54a456544acf5c892e34
  languageName: node
  linkType: hard

"sirv@npm:^3.0.2":
  version: 3.0.2
  resolution: "sirv@npm:3.0.2"
  dependencies:
    "@polka/url": "npm:^1.0.0-next.24"
    mrmime: "npm:^2.0.0"
    totalist: "npm:^3.0.0"
  checksum: 10c0/5930e4397afdb14fbae13751c3be983af4bda5c9aadec832607dc2af15a7162f7d518c71b30e83ae3644b9a24cea041543cc969e5fe2b80af6ce8ea3174b2d04
  languageName: node
  linkType: hard

"source-map-js@npm:^1.2.1":
  version: 1.2.1
  resolution: "source-map-js@npm:1.2.1"
  checksum: 10c0/7bda1fc4c197e3c6ff17de1b8b2c20e60af81b63a52cb32ec5a5d67a20a7d42651e2cb34ebe93833c5a2a084377e17455854fee3e21e7925c64a51b6a52b0faf
  languageName: node
  linkType: hard

"stackback@npm:0.0.2":
  version: 0.0.2
  resolution: "stackback@npm:0.0.2"
  checksum: 10c0/89a1416668f950236dd5ac9f9a6b2588e1b9b62b1b6ad8dff1bfc5d1a15dbf0aafc9b52d2226d00c28dffff212da464eaeebfc6b7578b9d180cef3e3782c5983
  languageName: node
  linkType: hard

"std-env@npm:^4.0.0-rc.1":
  version: 4.0.0
  resolution: "std-env@npm:4.0.0"
  checksum: 10c0/63b1716eae27947adde49e21b7225a0f75fb2c3d410273ae9de8333c07c7d5fc7a0628ae4c8af6b4b49b4274ed46c2bf118ed69b64f1261c9d8213d76ed1c16c
  languageName: node
  linkType: hard

"tinybench@npm:^2.9.0":
  version: 2.9.0
  resolution: "tinybench@npm:2.9.0"
  checksum: 10c0/c3500b0f60d2eb8db65250afe750b66d51623057ee88720b7f064894a6cb7eb93360ca824a60a31ab16dab30c7b1f06efe0795b352e37914a9d4bad86386a20c
  languageName: node
  linkType: hard

"tinyexec@npm:^1.0.2":
  version: 1.0.4
  resolution: "tinyexec@npm:1.0.4"
  checksum: 10c0/d4a5bbcf6bdb23527a4b74c4aa566f41432167112fe76f420ec7e3a90a3ecfd3a7d944383e2719fc3987b69400f7b928daf08700d145fb527c2e80ec01e198bd
  languageName: node
  linkType: hard

"tinyglobby@npm:^0.2.15":
  version: 0.2.15
  resolution: "tinyglobby@npm:0.2.15"
  dependencies:
    fdir: "npm:^6.5.0"
    picomatch: "npm:^4.0.3"
  checksum: 10c0/869c31490d0d88eedb8305d178d4c75e7463e820df5a9b9d388291daf93e8b1eb5de1dad1c1e139767e4269fe75f3b10d5009b2cc14db96ff98986920a186844
  languageName: node
  linkType: hard

"tinyrainbow@npm:^3.1.0":
  version: 3.1.0
  resolution: "tinyrainbow@npm:3.1.0"
  checksum: 10c0/f11cf387a26c5c9255bec141a90ac511b26172981b10c3e50053bc6700ea7d2336edcc4a3a21dbb8412fe7c013477d2ba4d7e4877800f3f8107be5105aad6511
  languageName: node
  linkType: hard

"totalist@npm:^3.0.0":
  version: 3.0.1
  resolution: "totalist@npm:3.0.1"
  checksum: 10c0/4bb1fadb69c3edbef91c73ebef9d25b33bbf69afe1e37ce544d5f7d13854cda15e47132f3e0dc4cafe300ddb8578c77c50a65004d8b6e97e77934a69aa924863
  languageName: node
  linkType: hard

"tslib@npm:^2.4.0":
  version: 2.8.1
  resolution: "tslib@npm:2.8.1"
  checksum: 10c0/9c4759110a19c53f992d9aae23aac5ced636e99887b51b9e61def52611732872ff7668757d4e4c61f19691e36f4da981cd9485e869b4a7408d689f6bf1f14e62
  languageName: node
  linkType: hard

"typescript@npm:^6.0.2":
  version: 6.0.2
  resolution: "typescript@npm:6.0.2"
  bin:
    tsc: bin/tsc
    tsserver: bin/tsserver
  checksum: 10c0/4b860b0bf87cc0fee0f66d8ef2640b5a8a8a8c74d1129adb82e389e5f97124383823c47946bef8a73ede371461143a3aa8544399d2133c7b2e4f07e81860af7f
  languageName: node
  linkType: hard

"typescript@patch:typescript@npm%3A^6.0.2#optional!builtin<compat/typescript>":
  version: 6.0.2
  resolution: "typescript@patch:typescript@npm%3A6.0.2#optional!builtin<compat/typescript>::version=6.0.2&hash=5786d5"
  bin:
    tsc: bin/tsc
    tsserver: bin/tsserver
  checksum: 10c0/49f0b84fc6ca55653e77752b8a61beabc09ee3dae5d965c31596225aa6ef213c5727b1d2e895b900416dc603854ba0872ac4a812c2a4ed6793a601f9c675de02
  languageName: node
  linkType: hard

"vite@npm:^6.0.0 || ^7.0.0 || ^8.0.0":
  version: 8.0.5
  resolution: "vite@npm:8.0.5"
  dependencies:
    fsevents: "npm:~2.3.3"
    lightningcss: "npm:^1.32.0"
    picomatch: "npm:^4.0.4"
    postcss: "npm:^8.5.8"
    rolldown: "npm:1.0.0-rc.12"
    tinyglobby: "npm:^0.2.15"
  peerDependencies:
    "@types/node": ^20.19.0 || >=22.12.0
    "@vitejs/devtools": ^0.1.0
    esbuild: ^0.27.0 || ^0.28.0
    jiti: ">=1.21.0"
    less: ^4.0.0
    sass: ^1.70.0
    sass-embedded: ^1.70.0
    stylus: ">=0.54.8"
    sugarss: ^5.0.0
    terser: ^5.16.0
    tsx: ^4.8.1
    yaml: ^2.4.2
  dependenciesMeta:
    fsevents:
      optional: true
  peerDependenciesMeta:
    "@types/node":
      optional: true
    "@vitejs/devtools":
      optional: true
    esbuild:
      optional: true
    jiti:
      optional: true
    less:
      optional: true
    sass:
      optional: true
    sass-embedded:
      optional: true
    stylus:
      optional: true
    sugarss:
      optional: true
    terser:
      optional: true
    tsx:
      optional: true
    yaml:
      optional: true
  bin:
    vite: bin/vite.js
  checksum: 10c0/bfc22896b2661753c01c398a058f1859bdbd3ebe55f3d8505ab629b39e5f68790c0a6f55f8644b6692b0b9b8e210f698082ef9f4fd0d76509f4a46762fbfbba2
  languageName: node
  linkType: hard

"vitest-browser-react@npm:^2.2.0":
  version: 2.2.0
  resolution: "vitest-browser-react@npm:2.2.0"
  peerDependencies:
    "@types/react": ^18.0.0 || ^19.0.0
    "@types/react-dom": ^18.0.0 || ^19.0.0
    react: ^18.0.0 || ^19.0.0
    react-dom: ^18.0.0 || ^19.0.0
    vitest: ^4.0.0
  peerDependenciesMeta:
    "@types/react":
      optional: true
    "@types/react-dom":
      optional: true
  checksum: 10c0/d2e582e564cf7f65f19a5a9c36b0b136e84fc6dabd42566703d79e0b220094a5a88a9197a42b2c4779f38977d79c8f3306387cd7edd2ef8e57790b921a759975
  languageName: node
  linkType: hard

"vitest@npm:^4.1.0":
  version: 4.1.3
  resolution: "vitest@npm:4.1.3"
  dependencies:
    "@vitest/expect": "npm:4.1.3"
    "@vitest/mocker": "npm:4.1.3"
    "@vitest/pretty-format": "npm:4.1.3"
    "@vitest/runner": "npm:4.1.3"
    "@vitest/snapshot": "npm:4.1.3"
    "@vitest/spy": "npm:4.1.3"
    "@vitest/utils": "npm:4.1.3"
    es-module-lexer: "npm:^2.0.0"
    expect-type: "npm:^1.3.0"
    magic-string: "npm:^0.30.21"
    obug: "npm:^2.1.1"
    pathe: "npm:^2.0.3"
    picomatch: "npm:^4.0.3"
    std-env: "npm:^4.0.0-rc.1"
    tinybench: "npm:^2.9.0"
    tinyexec: "npm:^1.0.2"
    tinyglobby: "npm:^0.2.15"
    tinyrainbow: "npm:^3.1.0"
    vite: "npm:^6.0.0 || ^7.0.0 || ^8.0.0"
    why-is-node-running: "npm:^2.3.0"
  peerDependencies:
    "@edge-runtime/vm": "*"
    "@opentelemetry/api": ^1.9.0
    "@types/node": ^20.0.0 || ^22.0.0 || >=24.0.0
    "@vitest/browser-playwright": 4.1.3
    "@vitest/browser-preview": 4.1.3
    "@vitest/browser-webdriverio": 4.1.3
    "@vitest/coverage-istanbul": 4.1.3
    "@vitest/coverage-v8": 4.1.3
    "@vitest/ui": 4.1.3
    happy-dom: "*"
    jsdom: "*"
    vite: ^6.0.0 || ^7.0.0 || ^8.0.0
  peerDependenciesMeta:
    "@edge-runtime/vm":
      optional: true
    "@opentelemetry/api":
      optional: true
    "@types/node":
      optional: true
    "@vitest/browser-playwright":
      optional: true
    "@vitest/browser-preview":
      optional: true
    "@vitest/browser-webdriverio":
      optional: true
    "@vitest/coverage-istanbul":
      optional: true
    "@vitest/coverage-v8":
      optional: true
    "@vitest/ui":
      optional: true
    happy-dom:
      optional: true
    jsdom:
      optional: true
    vite:
      optional: false
  bin:
    vitest: vitest.mjs
  checksum: 10c0/56f7d397ac7230df85e089402b17b2d53a621947db6d803ee6a1d168a841c7b5310e2e028aae747d8f4ba8357022124abab014e47b56aed2bcf9c241d9831369
  languageName: node
  linkType: hard

"why-is-node-running@npm:^2.3.0":
  version: 2.3.0
  resolution: "why-is-node-running@npm:2.3.0"
  dependencies:
    siginfo: "npm:^2.0.0"
    stackback: "npm:0.0.2"
  bin:
    why-is-node-running: cli.js
  checksum: 10c0/1cde0b01b827d2cf4cb11db962f3958b9175d5d9e7ac7361d1a7b0e2dc6069a263e69118bd974c4f6d0a890ef4eedfe34cf3d5167ec14203dbc9a18620537054
  languageName: node
  linkType: hard

"ws@npm:^8.19.0":
  version: 8.20.0
  resolution: "ws@npm:8.20.0"
  peerDependencies:
    bufferutil: ^4.0.1
    utf-8-validate: ">=5.0.2"
  peerDependenciesMeta:
    bufferutil:
      optional: true
    utf-8-validate:
      optional: true
  checksum: 10c0/956ac5f11738c914089b65878b9223692ace77337ba55379ae68e1ecbeae9b47a0c6eb9403688f609999a58c80d83d99865fe0029b229d308b08c1ef93d4ea14
  languageName: node
  linkType: hard
