# This file is generated by running "yarn install" inside your project.
# Manual changes might be lost - proceed with caution!

__metadata:
  version: 8
  cacheKey: 10c0

"@biomejs/biome@npm:2.2.2":
  version: 2.2.2
  resolution: "@biomejs/biome@npm:2.2.2"
  dependencies:
    "@biomejs/cli-darwin-arm64": "npm:2.2.2"
    "@biomejs/cli-darwin-x64": "npm:2.2.2"
    "@biomejs/cli-linux-arm64": "npm:2.2.2"
    "@biomejs/cli-linux-arm64-musl": "npm:2.2.2"
    "@biomejs/cli-linux-x64": "npm:2.2.2"
    "@biomejs/cli-linux-x64-musl": "npm:2.2.2"
    "@biomejs/cli-win32-arm64": "npm:2.2.2"
    "@biomejs/cli-win32-x64": "npm:2.2.2"
  dependenciesMeta:
    "@biomejs/cli-darwin-arm64":
      optional: true
    "@biomejs/cli-darwin-x64":
      optional: true
    "@biomejs/cli-linux-arm64":
      optional: true
    "@biomejs/cli-linux-arm64-musl":
      optional: true
    "@biomejs/cli-linux-x64":
      optional: true
    "@biomejs/cli-linux-x64-musl":
      optional: true
    "@biomejs/cli-win32-arm64":
      optional: true
    "@biomejs/cli-win32-x64":
      optional: true
  bin:
    biome: bin/biome
  checksum: 10c0/108690efd8c3a5fcee9faf89371319b2d066208e8adbb05855650032a1cc9afc98ec4206b73b0be2c49cdf64ef765cf5a24785456b814d5846ab65b293791daf
  languageName: node
  linkType: hard

"@biomejs/cli-darwin-arm64@npm:2.2.2":
  version: 2.2.2
  resolution: "@biomejs/cli-darwin-arm64@npm:2.2.2"
  conditions: os=darwin & cpu=arm64
  languageName: node
  linkType: hard

"@biomejs/cli-darwin-x64@npm:2.2.2":
  version: 2.2.2
  resolution: "@biomejs/cli-darwin-x64@npm:2.2.2"
  conditions: os=darwin & cpu=x64
  languageName: node
  linkType: hard

"@biomejs/cli-linux-arm64-musl@npm:2.2.2":
  version: 2.2.2
  resolution: "@biomejs/cli-linux-arm64-musl@npm:2.2.2"
  conditions: os=linux & cpu=arm64 & libc=musl
  languageName: node
  linkType: hard

"@biomejs/cli-linux-arm64@npm:2.2.2":
  version: 2.2.2
  resolution: "@biomejs/cli-linux-arm64@npm:2.2.2"
  conditions: os=linux & cpu=arm64 & libc=glibc
  languageName: node
  linkType: hard

"@biomejs/cli-linux-x64-musl@npm:2.2.2":
  version: 2.2.2
  resolution: "@biomejs/cli-linux-x64-musl@npm:2.2.2"
  conditions: os=linux & cpu=x64 & libc=musl
  languageName: node
  linkType: hard

"@biomejs/cli-linux-x64@npm:2.2.2":
  version: 2.2.2
  resolution: "@biomejs/cli-linux-x64@npm:2.2.2"
  conditions: os=linux & cpu=x64 & libc=glibc
  languageName: node
  linkType: hard

"@biomejs/cli-win32-arm64@npm:2.2.2":
  version: 2.2.2
  resolution: "@biomejs/cli-win32-arm64@npm:2.2.2"
  conditions: os=win32 & cpu=arm64
  languageName: node
  linkType: hard

"@biomejs/cli-win32-x64@npm:2.2.2":
  version: 2.2.2
  resolution: "@biomejs/cli-win32-x64@npm:2.2.2"
  conditions: os=win32 & cpu=x64
  languageName: node
  linkType: hard

"@esbuild/aix-ppc64@npm:0.25.0":
  version: 0.25.0
  resolution: "@esbuild/aix-ppc64@npm:0.25.0"
  conditions: os=aix & cpu=ppc64
  languageName: node
  linkType: hard

"@esbuild/android-arm64@npm:0.25.0":
  version: 0.25.0
  resolution: "@esbuild/android-arm64@npm:0.25.0"
  conditions: os=android & cpu=arm64
  languageName: node
  linkType: hard

"@esbuild/android-arm@npm:0.25.0":
  version: 0.25.0
  resolution: "@esbuild/android-arm@npm:0.25.0"
  conditions: os=android & cpu=arm
  languageName: node
  linkType: hard

"@esbuild/android-x64@npm:0.25.0":
  version: 0.25.0
  resolution: "@esbuild/android-x64@npm:0.25.0"
  conditions: os=android & cpu=x64
  languageName: node
  linkType: hard

"@esbuild/darwin-arm64@npm:0.25.0":
  version: 0.25.0
  resolution: "@esbuild/darwin-arm64@npm:0.25.0"
  conditions: os=darwin & cpu=arm64
  languageName: node
  linkType: hard

"@esbuild/darwin-x64@npm:0.25.0":
  version: 0.25.0
  resolution: "@esbuild/darwin-x64@npm:0.25.0"
  conditions: os=darwin & cpu=x64
  languageName: node
  linkType: hard

"@esbuild/freebsd-arm64@npm:0.25.0":
  version: 0.25.0
  resolution: "@esbuild/freebsd-arm64@npm:0.25.0"
  conditions: os=freebsd & cpu=arm64
  languageName: node
  linkType: hard

"@esbuild/freebsd-x64@npm:0.25.0":
  version: 0.25.0
  resolution: "@esbuild/freebsd-x64@npm:0.25.0"
  conditions: os=freebsd & cpu=x64
  languageName: node
  linkType: hard

"@esbuild/linux-arm64@npm:0.25.0":
  version: 0.25.0
  resolution: "@esbuild/linux-arm64@npm:0.25.0"
  conditions: os=linux & cpu=arm64
  languageName: node
  linkType: hard

"@esbuild/linux-arm@npm:0.25.0":
  version: 0.25.0
  resolution: "@esbuild/linux-arm@npm:0.25.0"
  conditions: os=linux & cpu=arm
  languageName: node
  linkType: hard

"@esbuild/linux-ia32@npm:0.25.0":
  version: 0.25.0
  resolution: "@esbuild/linux-ia32@npm:0.25.0"
  conditions: os=linux & cpu=ia32
  languageName: node
  linkType: hard

"@esbuild/linux-loong64@npm:0.25.0":
  version: 0.25.0
  resolution: "@esbuild/linux-loong64@npm:0.25.0"
  conditions: os=linux & cpu=loong64
  languageName: node
  linkType: hard

"@esbuild/linux-mips64el@npm:0.25.0":
  version: 0.25.0
  resolution: "@esbuild/linux-mips64el@npm:0.25.0"
  conditions: os=linux & cpu=mips64el
  languageName: node
  linkType: hard

"@esbuild/linux-ppc64@npm:0.25.0":
  version: 0.25.0
  resolution: "@esbuild/linux-ppc64@npm:0.25.0"
  conditions: os=linux & cpu=ppc64
  languageName: node
  linkType: hard

"@esbuild/linux-riscv64@npm:0.25.0":
  version: 0.25.0
  resolution: "@esbuild/linux-riscv64@npm:0.25.0"
  conditions: os=linux & cpu=riscv64
  languageName: node
  linkType: hard

"@esbuild/linux-s390x@npm:0.25.0":
  version: 0.25.0
  resolution: "@esbuild/linux-s390x@npm:0.25.0"
  conditions: os=linux & cpu=s390x
  languageName: node
  linkType: hard

"@esbuild/linux-x64@npm:0.25.0":
  version: 0.25.0
  resolution: "@esbuild/linux-x64@npm:0.25.0"
  conditions: os=linux & cpu=x64
  languageName: node
  linkType: hard

"@esbuild/netbsd-arm64@npm:0.25.0":
  version: 0.25.0
  resolution: "@esbuild/netbsd-arm64@npm:0.25.0"
  conditions: os=netbsd & cpu=arm64
  languageName: node
  linkType: hard

"@esbuild/netbsd-x64@npm:0.25.0":
  version: 0.25.0
  resolution: "@esbuild/netbsd-x64@npm:0.25.0"
  conditions: os=netbsd & cpu=x64
  languageName: node
  linkType: hard

"@esbuild/openbsd-arm64@npm:0.25.0":
  version: 0.25.0
  resolution: "@esbuild/openbsd-arm64@npm:0.25.0"
  conditions: os=openbsd & cpu=arm64
  languageName: node
  linkType: hard

"@esbuild/openbsd-x64@npm:0.25.0":
  version: 0.25.0
  resolution: "@esbuild/openbsd-x64@npm:0.25.0"
  conditions: os=openbsd & cpu=x64
  languageName: node
  linkType: hard

"@esbuild/sunos-x64@npm:0.25.0":
  version: 0.25.0
  resolution: "@esbuild/sunos-x64@npm:0.25.0"
  conditions: os=sunos & cpu=x64
  languageName: node
  linkType: hard

"@esbuild/win32-arm64@npm:0.25.0":
  version: 0.25.0
  resolution: "@esbuild/win32-arm64@npm:0.25.0"
  conditions: os=win32 & cpu=arm64
  languageName: node
  linkType: hard

"@esbuild/win32-ia32@npm:0.25.0":
  version: 0.25.0
  resolution: "@esbuild/win32-ia32@npm:0.25.0"
  conditions: os=win32 & cpu=ia32
  languageName: node
  linkType: hard

"@esbuild/win32-x64@npm:0.25.0":
  version: 0.25.0
  resolution: "@esbuild/win32-x64@npm:0.25.0"
  conditions: os=win32 & cpu=x64
  languageName: node
  linkType: hard

"@jridgewell/sourcemap-codec@npm:^1.5.5":
  version: 1.5.5
  resolution: "@jridgewell/sourcemap-codec@npm:1.5.5"
  checksum: 10c0/f9e538f302b63c0ebc06eecb1dd9918dd4289ed36147a0ddce35d6ea4d7ebbda243cda7b2213b6a5e1d8087a298d5cf630fb2bd39329cdecb82017023f6081a0
  languageName: node
  linkType: hard

"@polka/url@npm:^1.0.0-next.24":
  version: 1.0.0-next.29
  resolution: "@polka/url@npm:1.0.0-next.29"
  checksum: 10c0/0d58e081844095cb029d3c19a659bfefd09d5d51a2f791bc61eba7ea826f13d6ee204a8a448c2f5a855c17df07b37517373ff916dd05801063c0568ae9937684
  languageName: node
  linkType: hard

"@rollup/rollup-android-arm-eabi@npm:4.50.1":
  version: 4.50.1
  resolution: "@rollup/rollup-android-arm-eabi@npm:4.50.1"
  conditions: os=android & cpu=arm
  languageName: node
  linkType: hard

"@rollup/rollup-android-arm64@npm:4.50.1":
  version: 4.50.1
  resolution: "@rollup/rollup-android-arm64@npm:4.50.1"
  conditions: os=android & cpu=arm64
  languageName: node
  linkType: hard

"@rollup/rollup-darwin-arm64@npm:4.50.1":
  version: 4.50.1
  resolution: "@rollup/rollup-darwin-arm64@npm:4.50.1"
  conditions: os=darwin & cpu=arm64
  languageName: node
  linkType: hard

"@rollup/rollup-darwin-x64@npm:4.50.1":
  version: 4.50.1
  resolution: "@rollup/rollup-darwin-x64@npm:4.50.1"
  conditions: os=darwin & cpu=x64
  languageName: node
  linkType: hard

"@rollup/rollup-freebsd-arm64@npm:4.50.1":
  version: 4.50.1
  resolution: "@rollup/rollup-freebsd-arm64@npm:4.50.1"
  conditions: os=freebsd & cpu=arm64
  languageName: node
  linkType: hard

"@rollup/rollup-freebsd-x64@npm:4.50.1":
  version: 4.50.1
  resolution: "@rollup/rollup-freebsd-x64@npm:4.50.1"
  conditions: os=freebsd & cpu=x64
  languageName: node
  linkType: hard

"@rollup/rollup-linux-arm-gnueabihf@npm:4.50.1":
  version: 4.50.1
  resolution: "@rollup/rollup-linux-arm-gnueabihf@npm:4.50.1"
  conditions: os=linux & cpu=arm & libc=glibc
  languageName: node
  linkType: hard

"@rollup/rollup-linux-arm-musleabihf@npm:4.50.1":
  version: 4.50.1
  resolution: "@rollup/rollup-linux-arm-musleabihf@npm:4.50.1"
  conditions: os=linux & cpu=arm & libc=musl
  languageName: node
  linkType: hard

"@rollup/rollup-linux-arm64-gnu@npm:4.50.1":
  version: 4.50.1
  resolution: "@rollup/rollup-linux-arm64-gnu@npm:4.50.1"
  conditions: os=linux & cpu=arm64 & libc=glibc
  languageName: node
  linkType: hard

"@rollup/rollup-linux-arm64-musl@npm:4.50.1":
  version: 4.50.1
  resolution: "@rollup/rollup-linux-arm64-musl@npm:4.50.1"
  conditions: os=linux & cpu=arm64 & libc=musl
  languageName: node
  linkType: hard

"@rollup/rollup-linux-loongarch64-gnu@npm:4.50.1":
  version: 4.50.1
  resolution: "@rollup/rollup-linux-loongarch64-gnu@npm:4.50.1"
  conditions: os=linux & cpu=loong64 & libc=glibc
  languageName: node
  linkType: hard

"@rollup/rollup-linux-ppc64-gnu@npm:4.50.1":
  version: 4.50.1
  resolution: "@rollup/rollup-linux-ppc64-gnu@npm:4.50.1"
  conditions: os=linux & cpu=ppc64 & libc=glibc
  languageName: node
  linkType: hard

"@rollup/rollup-linux-riscv64-gnu@npm:4.50.1":
  version: 4.50.1
  resolution: "@rollup/rollup-linux-riscv64-gnu@npm:4.50.1"
  conditions: os=linux & cpu=riscv64 & libc=glibc
  languageName: node
  linkType: hard

"@rollup/rollup-linux-riscv64-musl@npm:4.50.1":
  version: 4.50.1
  resolution: "@rollup/rollup-linux-riscv64-musl@npm:4.50.1"
  conditions: os=linux & cpu=riscv64 & libc=musl
  languageName: node
  linkType: hard

"@rollup/rollup-linux-s390x-gnu@npm:4.50.1":
  version: 4.50.1
  resolution: "@rollup/rollup-linux-s390x-gnu@npm:4.50.1"
  conditions: os=linux & cpu=s390x & libc=glibc
  languageName: node
  linkType: hard

"@rollup/rollup-linux-x64-gnu@npm:4.50.1":
  version: 4.50.1
  resolution: "@rollup/rollup-linux-x64-gnu@npm:4.50.1"
  conditions: os=linux & cpu=x64 & libc=glibc
  languageName: node
  linkType: hard

"@rollup/rollup-linux-x64-musl@npm:4.50.1":
  version: 4.50.1
  resolution: "@rollup/rollup-linux-x64-musl@npm:4.50.1"
  conditions: os=linux & cpu=x64 & libc=musl
  languageName: node
  linkType: hard

"@rollup/rollup-openharmony-arm64@npm:4.50.1":
  version: 4.50.1
  resolution: "@rollup/rollup-openharmony-arm64@npm:4.50.1"
  conditions: os=openharmony & cpu=arm64
  languageName: node
  linkType: hard

"@rollup/rollup-win32-arm64-msvc@npm:4.50.1":
  version: 4.50.1
  resolution: "@rollup/rollup-win32-arm64-msvc@npm:4.50.1"
  conditions: os=win32 & cpu=arm64
  languageName: node
  linkType: hard

"@rollup/rollup-win32-ia32-msvc@npm:4.50.1":
  version: 4.50.1
  resolution: "@rollup/rollup-win32-ia32-msvc@npm:4.50.1"
  conditions: os=win32 & cpu=ia32
  languageName: node
  linkType: hard

"@rollup/rollup-win32-x64-msvc@npm:4.50.1":
  version: 4.50.1
  resolution: "@rollup/rollup-win32-x64-msvc@npm:4.50.1"
  conditions: os=win32 & cpu=x64
  languageName: node
  linkType: hard

"@standard-schema/spec@npm:^1.0.0":
  version: 1.0.0
  resolution: "@standard-schema/spec@npm:1.0.0"
  checksum: 10c0/a1ab9a8bdc09b5b47aa8365d0e0ec40cc2df6437be02853696a0e377321653b0d3ac6f079a8c67d5ddbe9821025584b1fb71d9cc041a6666a96f1fadf2ece15f
  languageName: node
  linkType: hard

"@types/chai@npm:^5.2.2":
  version: 5.2.2
  resolution: "@types/chai@npm:5.2.2"
  dependencies:
    "@types/deep-eql": "npm:*"
  checksum: 10c0/49282bf0e8246800ebb36f17256f97bd3a8c4fb31f92ad3c0eaa7623518d7e87f1eaad4ad206960fcaf7175854bdff4cb167e4fe96811e0081b4ada83dd533ec
  languageName: node
  linkType: hard

"@types/deep-eql@npm:*":
  version: 4.0.2
  resolution: "@types/deep-eql@npm:4.0.2"
  checksum: 10c0/bf3f811843117900d7084b9d0c852da9a044d12eb40e6de73b552598a6843c21291a8a381b0532644574beecd5e3491c5ff3a0365ab86b15d59862c025384844
  languageName: node
  linkType: hard

"@types/estree@npm:1.0.8, @types/estree@npm:^1.0.0":
  version: 1.0.8
  resolution: "@types/estree@npm:1.0.8"
  checksum: 10c0/39d34d1afaa338ab9763f37ad6066e3f349444f9052b9676a7cc0252ef9485a41c6d81c9c4e0d26e9077993354edf25efc853f3224dd4b447175ef62bdcc86a5
  languageName: node
  linkType: hard

"@types/react-dom@npm:^19.2.0":
  version: 19.2.3
  resolution: "@types/react-dom@npm:19.2.3"
  peerDependencies:
    "@types/react": ^19.2.0
  checksum: 10c0/b486ebe0f4e2fb35e2e108df1d8fc0927ca5d6002d5771e8a739de11239fe62d0e207c50886185253c99eb9dedfeeb956ea7429e5ba17f6693c7acb4c02f8cd1
  languageName: node
  linkType: hard

"@types/react@npm:^19.2.0":
  version: 19.2.14
  resolution: "@types/react@npm:19.2.14"
  dependencies:
    csstype: "npm:^3.2.2"
  checksum: 10c0/7d25bf41b57719452d86d2ac0570b659210402707313a36ee612666bf11275a1c69824f8c3ee1fdca077ccfe15452f6da8f1224529b917050eb2d861e52b59b7
  languageName: node
  linkType: hard

"@vitest/browser-playwright@npm:^4.0.1":
  version: 4.0.2
  resolution: "@vitest/browser-playwright@npm:4.0.2"
  dependencies:
    "@vitest/browser": "npm:4.0.2"
    "@vitest/mocker": "npm:4.0.2"
    tinyrainbow: "npm:^3.0.3"
  peerDependencies:
    playwright: "*"
    vitest: 4.0.2
  peerDependenciesMeta:
    playwright:
      optional: false
  checksum: 10c0/a740068d1a5fd3bbbbf26e14e5b0089a20af31907d5d25ab2ef2d06e6f9dd829bee4e6f9f8d4717209cabcf5859992c8cfb3ed4cafa186c3a65da0b904364c4b
  languageName: node
  linkType: hard

"@vitest/browser@npm:4.0.2":
  version: 4.0.2
  resolution: "@vitest/browser@npm:4.0.2"
  dependencies:
    "@vitest/mocker": "npm:4.0.2"
    "@vitest/utils": "npm:4.0.2"
    magic-string: "npm:^0.30.19"
    pixelmatch: "npm:7.1.0"
    pngjs: "npm:^7.0.0"
    sirv: "npm:^3.0.2"
    tinyrainbow: "npm:^3.0.3"
    ws: "npm:^8.18.3"
  peerDependencies:
    vitest: 4.0.2
  checksum: 10c0/9f1f32aac48aa097a1295de1738bbfa4a34400660fac79ee2e924d519f9e7367e9fa940943b8af68717045301b627a551e26babe2641f6137a84e92af056c419
  languageName: node
  linkType: hard

"@vitest/expect@npm:4.0.2":
  version: 4.0.2
  resolution: "@vitest/expect@npm:4.0.2"
  dependencies:
    "@standard-schema/spec": "npm:^1.0.0"
    "@types/chai": "npm:^5.2.2"
    "@vitest/spy": "npm:4.0.2"
    "@vitest/utils": "npm:4.0.2"
    chai: "npm:^6.0.1"
    tinyrainbow: "npm:^3.0.3"
  checksum: 10c0/82e02f9ae4e83133cd90d801877df3f4c7c388095bce6ef0806f4eef05b18e1acb9847e935fa73ad6253249205ad7434594fff9288042aba5ab605db5fd5d95d
  languageName: node
  linkType: hard

"@vitest/mocker@npm:4.0.2":
  version: 4.0.2
  resolution: "@vitest/mocker@npm:4.0.2"
  dependencies:
    "@vitest/spy": "npm:4.0.2"
    estree-walker: "npm:^3.0.3"
    magic-string: "npm:^0.30.19"
  peerDependencies:
    msw: ^2.4.9
    vite: ^6.0.0 || ^7.0.0-0
  peerDependenciesMeta:
    msw:
      optional: true
    vite:
      optional: true
  checksum: 10c0/e587c01ac82fc04c68977e8559dcac58d9f30afcd77faa5f0981113c47eee466ec39066ec826de05ee55e3da9d9d4bc982fc418970a871076ea2aeea64f8c74f
  languageName: node
  linkType: hard

"@vitest/pretty-format@npm:4.0.2":
  version: 4.0.2
  resolution: "@vitest/pretty-format@npm:4.0.2"
  dependencies:
    tinyrainbow: "npm:^3.0.3"
  checksum: 10c0/b07f2e9bfc5477fe8acdae5274d4c5d75a46c3bad2b203eb41fbaada76b4c34312ca183e728dc094e0769324e4cc1052942cbaf6c8fcc11b3fe252ff02a0adb3
  languageName: node
  linkType: hard

"@vitest/runner@npm:4.0.2":
  version: 4.0.2
  resolution: "@vitest/runner@npm:4.0.2"
  dependencies:
    "@vitest/utils": "npm:4.0.2"
    pathe: "npm:^2.0.3"
  checksum: 10c0/bd7eb22375867be3acedda7b96f70da3c860fd31e199dfe8cddfd9641ab473daa2c098ad0d090f6881b5762af5906b2ec6db3e6825e250d7805715565909656a
  languageName: node
  linkType: hard

"@vitest/snapshot@npm:4.0.2":
  version: 4.0.2
  resolution: "@vitest/snapshot@npm:4.0.2"
  dependencies:
    "@vitest/pretty-format": "npm:4.0.2"
    magic-string: "npm:^0.30.19"
    pathe: "npm:^2.0.3"
  checksum: 10c0/21364fa9eca6b2ab9484e739148e9b699c2c3b504027274c8c908ed921d75b8c84215f8f40c95c3df0b633714c061b584631f6b54bd1891be37a7e8c2cdfcdc3
  languageName: node
  linkType: hard

"@vitest/spy@npm:4.0.2":
  version: 4.0.2
  resolution: "@vitest/spy@npm:4.0.2"
  checksum: 10c0/9143df2de4841d07074ea4916d88122bd2f56aa4f4a590d2dd6dee1d82fca7ae9da946be39de13874bc34439de262a32dd3ec947e5a94c8fdfe0cc3b71015cf7
  languageName: node
  linkType: hard

"@vitest/utils@npm:4.0.2":
  version: 4.0.2
  resolution: "@vitest/utils@npm:4.0.2"
  dependencies:
    "@vitest/pretty-format": "npm:4.0.2"
    tinyrainbow: "npm:^3.0.3"
  checksum: 10c0/0b393caf0187aa4519c8901d9d40f2889c77ceb3a49b71aea653bc8f7b107da0574587047c9b1d52e3ce442fa1061c3649130bd1f5485e2ab5fc9632d82a43d4
  languageName: node
  linkType: hard

"@wojtekmaj/react-hooks@workspace:.":
  version: 0.0.0-use.local
  resolution: "@wojtekmaj/react-hooks@workspace:."
  dependencies:
    "@biomejs/biome": "npm:2.2.2"
    "@types/react": "npm:^19.2.0"
    "@types/react-dom": "npm:^19.2.0"
    "@vitest/browser-playwright": "npm:^4.0.1"
    husky: "npm:^9.0.0"
    playwright: "npm:^1.55.1"
    react: "npm:^19.2.0"
    react-dom: "npm:^19.2.0"
    typescript: "npm:^5.9.2"
    vitest: "npm:^4.0.1"
    vitest-browser-react: "npm:^2.0.0"
  peerDependencies:
    "@types/react": ^16.8.0 || ^17.0.0 || ^18.0.0 || ^19.0.0
    react: ^16.8.0 || ^17.0.0 || ^18.0.0 || ^19.0.0
  peerDependenciesMeta:
    "@types/react":
      optional: true
  languageName: unknown
  linkType: soft

"chai@npm:^6.0.1":
  version: 6.2.0
  resolution: "chai@npm:6.2.0"
  checksum: 10c0/a4b7d7f5907187e09f1847afa838d6d1608adc7d822031b7900813c4ed5d9702911ac2468bf290676f22fddb3d727b1be90b57c1d0a69b902534ee29cdc6ff8a
  languageName: node
  linkType: hard

"csstype@npm:^3.2.2":
  version: 3.2.3
  resolution: "csstype@npm:3.2.3"
  checksum: 10c0/cd29c51e70fa822f1cecd8641a1445bed7063697469d35633b516e60fe8c1bde04b08f6c5b6022136bb669b64c63d4173af54864510fbb4ee23281801841a3ce
  languageName: node
  linkType: hard

"debug@npm:^4.4.3":
  version: 4.4.3
  resolution: "debug@npm:4.4.3"
  dependencies:
    ms: "npm:^2.1.3"
  peerDependenciesMeta:
    supports-color:
      optional: true
  checksum: 10c0/d79136ec6c83ecbefd0f6a5593da6a9c91ec4d7ddc4b54c883d6e71ec9accb5f67a1a5e96d00a328196b5b5c86d365e98d8a3a70856aaf16b4e7b1985e67f5a6
  languageName: node
  linkType: hard

"es-module-lexer@npm:^1.7.0":
  version: 1.7.0
  resolution: "es-module-lexer@npm:1.7.0"
  checksum: 10c0/4c935affcbfeba7fb4533e1da10fa8568043df1e3574b869385980de9e2d475ddc36769891936dbb07036edb3c3786a8b78ccf44964cd130dedc1f2c984b6c7b
  languageName: node
  linkType: hard

"esbuild@npm:^0.25.0":
  version: 0.25.0
  resolution: "esbuild@npm:0.25.0"
  dependencies:
    "@esbuild/aix-ppc64": "npm:0.25.0"
    "@esbuild/android-arm": "npm:0.25.0"
    "@esbuild/android-arm64": "npm:0.25.0"
    "@esbuild/android-x64": "npm:0.25.0"
    "@esbuild/darwin-arm64": "npm:0.25.0"
    "@esbuild/darwin-x64": "npm:0.25.0"
    "@esbuild/freebsd-arm64": "npm:0.25.0"
    "@esbuild/freebsd-x64": "npm:0.25.0"
    "@esbuild/linux-arm": "npm:0.25.0"
    "@esbuild/linux-arm64": "npm:0.25.0"
    "@esbuild/linux-ia32": "npm:0.25.0"
    "@esbuild/linux-loong64": "npm:0.25.0"
    "@esbuild/linux-mips64el": "npm:0.25.0"
    "@esbuild/linux-ppc64": "npm:0.25.0"
    "@esbuild/linux-riscv64": "npm:0.25.0"
    "@esbuild/linux-s390x": "npm:0.25.0"
    "@esbuild/linux-x64": "npm:0.25.0"
    "@esbuild/netbsd-arm64": "npm:0.25.0"
    "@esbuild/netbsd-x64": "npm:0.25.0"
    "@esbuild/openbsd-arm64": "npm:0.25.0"
    "@esbuild/openbsd-x64": "npm:0.25.0"
    "@esbuild/sunos-x64": "npm:0.25.0"
    "@esbuild/win32-arm64": "npm:0.25.0"
    "@esbuild/win32-ia32": "npm:0.25.0"
    "@esbuild/win32-x64": "npm:0.25.0"
  dependenciesMeta:
    "@esbuild/aix-ppc64":
      optional: true
    "@esbuild/android-arm":
      optional: true
    "@esbuild/android-arm64":
      optional: true
    "@esbuild/android-x64":
      optional: true
    "@esbuild/darwin-arm64":
      optional: true
    "@esbuild/darwin-x64":
      optional: true
    "@esbuild/freebsd-arm64":
      optional: true
    "@esbuild/freebsd-x64":
      optional: true
    "@esbuild/linux-arm":
      optional: true
    "@esbuild/linux-arm64":
      optional: true
    "@esbuild/linux-ia32":
      optional: true
    "@esbuild/linux-loong64":
      optional: true
    "@esbuild/linux-mips64el":
      optional: true
    "@esbuild/linux-ppc64":
      optional: true
    "@esbuild/linux-riscv64":
      optional: true
    "@esbuild/linux-s390x":
      optional: true
    "@esbuild/linux-x64":
      optional: true
    "@esbuild/netbsd-arm64":
      optional: true
    "@esbuild/netbsd-x64":
      optional: true
    "@esbuild/openbsd-arm64":
      optional: true
    "@esbuild/openbsd-x64":
      optional: true
    "@esbuild/sunos-x64":
      optional: true
    "@esbuild/win32-arm64":
      optional: true
    "@esbuild/win32-ia32":
      optional: true
    "@esbuild/win32-x64":
      optional: true
  bin:
    esbuild: bin/esbuild
  checksum: 10c0/5767b72da46da3cfec51661647ec850ddbf8a8d0662771139f10ef0692a8831396a0004b2be7966cecdb08264fb16bdc16290dcecd92396fac5f12d722fa013d
  languageName: node
  linkType: hard

"estree-walker@npm:^3.0.3":
  version: 3.0.3
  resolution: "estree-walker@npm:3.0.3"
  dependencies:
    "@types/estree": "npm:^1.0.0"
  checksum: 10c0/c12e3c2b2642d2bcae7d5aa495c60fa2f299160946535763969a1c83fc74518ffa9c2cd3a8b69ac56aea547df6a8aac25f729a342992ef0bbac5f1c73e78995d
  languageName: node
  linkType: hard

"expect-type@npm:^1.2.2":
  version: 1.2.2
  resolution: "expect-type@npm:1.2.2"
  checksum: 10c0/6019019566063bbc7a690d9281d920b1a91284a4a093c2d55d71ffade5ac890cf37a51e1da4602546c4b56569d2ad2fc175a2ccee77d1ae06cb3af91ef84f44b
  languageName: node
  linkType: hard

"fdir@npm:^6.5.0":
  version: 6.5.0
  resolution: "fdir@npm:6.5.0"
  peerDependencies:
    picomatch: ^3 || ^4
  peerDependenciesMeta:
    picomatch:
      optional: true
  checksum: 10c0/e345083c4306b3aed6cb8ec551e26c36bab5c511e99ea4576a16750ddc8d3240e63826cc624f5ae17ad4dc82e68a253213b60d556c11bfad064b7607847ed07f
  languageName: node
  linkType: hard

"fsevents@npm:2.3.2":
  version: 2.3.2
  resolution: "fsevents@npm:2.3.2"
  checksum: 10c0/be78a3efa3e181cda3cf7a4637cb527bcebb0bd0ea0440105a3bb45b86f9245b307dc10a2507e8f4498a7d4ec349d1910f4d73e4d4495b16103106e07eee735b
  conditions: os=darwin
  languageName: node
  linkType: hard

"fsevents@npm:~2.3.2, fsevents@npm:~2.3.3":
  version: 2.3.3
  resolution: "fsevents@npm:2.3.3"
  checksum: 10c0/a1f0c44595123ed717febbc478aa952e47adfc28e2092be66b8ab1635147254ca6cfe1df792a8997f22716d4cbafc73309899ff7bfac2ac3ad8cf2e4ecc3ec60
  conditions: os=darwin
  languageName: node
  linkType: hard

"fsevents@patch:fsevents@npm%3A2.3.2#optional!builtin<compat/fsevents>":
  version: 2.3.2
  resolution: "fsevents@patch:fsevents@npm%3A2.3.2#optional!builtin<compat/fsevents>::version=2.3.2&hash=df0bf1"
  conditions: os=darwin
  languageName: node
  linkType: hard

"fsevents@patch:fsevents@npm%3A~2.3.2#optional!builtin<compat/fsevents>, fsevents@patch:fsevents@npm%3A~2.3.3#optional!builtin<compat/fsevents>":
  version: 2.3.3
  resolution: "fsevents@patch:fsevents@npm%3A2.3.3#optional!builtin<compat/fsevents>::version=2.3.3&hash=df0bf1"
  conditions: os=darwin
  languageName: node
  linkType: hard

"husky@npm:^9.0.0":
  version: 9.0.7
  resolution: "husky@npm:9.0.7"
  bin:
    husky: bin.js
  checksum: 10c0/ac36838bc230b42ca878eeb6993cba5499b858700581fa9e8b579227af9ad47bdbf4c050f4145f51f33f77c16d359f329622b7050150c78a7c52be26cc24174e
  languageName: node
  linkType: hard

"magic-string@npm:^0.30.19":
  version: 0.30.21
  resolution: "magic-string@npm:0.30.21"
  dependencies:
    "@jridgewell/sourcemap-codec": "npm:^1.5.5"
  checksum: 10c0/299378e38f9a270069fc62358522ddfb44e94244baa0d6a8980ab2a9b2490a1d03b236b447eee309e17eb3bddfa482c61259d47960eb018a904f0ded52780c4a
  languageName: node
  linkType: hard

"mrmime@npm:^2.0.0":
  version: 2.0.1
  resolution: "mrmime@npm:2.0.1"
  checksum: 10c0/af05afd95af202fdd620422f976ad67dc18e6ee29beb03dd1ce950ea6ef664de378e44197246df4c7cdd73d47f2e7143a6e26e473084b9e4aa2095c0ad1e1761
  languageName: node
  linkType: hard

"ms@npm:^2.1.3":
  version: 2.1.3
  resolution: "ms@npm:2.1.3"
  checksum: 10c0/d924b57e7312b3b63ad21fc5b3dc0af5e78d61a1fc7cfb5457edaf26326bf62be5307cc87ffb6862ef1c2b33b0233cdb5d4f01c4c958cc0d660948b65a287a48
  languageName: node
  linkType: hard

"nanoid@npm:^3.3.11":
  version: 3.3.11
  resolution: "nanoid@npm:3.3.11"
  bin:
    nanoid: bin/nanoid.cjs
  checksum: 10c0/40e7f70b3d15f725ca072dfc4f74e81fcf1fbb02e491cf58ac0c79093adc9b0a73b152bcde57df4b79cd097e13023d7504acb38404a4da7bc1cd8e887b82fe0b
  languageName: node
  linkType: hard

"pathe@npm:^2.0.3":
  version: 2.0.3
  resolution: "pathe@npm:2.0.3"
  checksum: 10c0/c118dc5a8b5c4166011b2b70608762e260085180bb9e33e80a50dcdb1e78c010b1624f4280c492c92b05fc276715a4c357d1f9edc570f8f1b3d90b6839ebaca1
  languageName: node
  linkType: hard

"picocolors@npm:^1.1.1":
  version: 1.1.1
  resolution: "picocolors@npm:1.1.1"
  checksum: 10c0/e2e3e8170ab9d7c7421969adaa7e1b31434f789afb9b3f115f6b96d91945041ac3ceb02e9ec6fe6510ff036bcc0bf91e69a1772edc0b707e12b19c0f2d6bcf58
  languageName: node
  linkType: hard

"picomatch@npm:^4.0.3":
  version: 4.0.3
  resolution: "picomatch@npm:4.0.3"
  checksum: 10c0/9582c951e95eebee5434f59e426cddd228a7b97a0161a375aed4be244bd3fe8e3a31b846808ea14ef2c8a2527a6eeab7b3946a67d5979e81694654f939473ae2
  languageName: node
  linkType: hard

"pixelmatch@npm:7.1.0":
  version: 7.1.0
  resolution: "pixelmatch@npm:7.1.0"
  dependencies:
    pngjs: "npm:^7.0.0"
  bin:
    pixelmatch: bin/pixelmatch
  checksum: 10c0/ff069f92edaa841ac9b58b0ab74e1afa1f3b5e770eea0218c96bac1da4e752f5f6b79a0f9c4ba6b02afb955d39b8c78bcc3cc884f8122b67a1f2efbbccbe1a73
  languageName: node
  linkType: hard

"playwright-core@npm:1.56.1":
  version: 1.56.1
  resolution: "playwright-core@npm:1.56.1"
  bin:
    playwright-core: cli.js
  checksum: 10c0/ffd40142b99c68678b387445d5b42f1fee4ab0b65d983058c37f342e5629f9cdbdac0506ea80a0dfd41a8f9f13345bad54e9a8c35826ef66dc765f4eb3db8da7
  languageName: node
  linkType: hard

"playwright@npm:^1.55.1":
  version: 1.56.1
  resolution: "playwright@npm:1.56.1"
  dependencies:
    fsevents: "npm:2.3.2"
    playwright-core: "npm:1.56.1"
  dependenciesMeta:
    fsevents:
      optional: true
  bin:
    playwright: cli.js
  checksum: 10c0/8e9965aede86df0f4722063385748498977b219630a40a10d1b82b8bd8d4d4e9b6b65ecbfa024331a30800163161aca292fb6dd7446c531a1ad25f4155625ab4
  languageName: node
  linkType: hard

"pngjs@npm:^7.0.0":
  version: 7.0.0
  resolution: "pngjs@npm:7.0.0"
  checksum: 10c0/0d4c7a0fd476a9c33df7d0a2a73e1d56537628a668841f6995c2bca070cf30819f9254a64363266bc14ef2fee47659dd3b4f2b18eec7ab65143015139f497b38
  languageName: node
  linkType: hard

"postcss@npm:^8.5.6":
  version: 8.5.6
  resolution: "postcss@npm:8.5.6"
  dependencies:
    nanoid: "npm:^3.3.11"
    picocolors: "npm:^1.1.1"
    source-map-js: "npm:^1.2.1"
  checksum: 10c0/5127cc7c91ed7a133a1b7318012d8bfa112da9ef092dddf369ae699a1f10ebbd89b1b9f25f3228795b84585c72aabd5ced5fc11f2ba467eedf7b081a66fad024
  languageName: node
  linkType: hard

"react-dom@npm:^19.2.0":
  version: 19.2.4
  resolution: "react-dom@npm:19.2.4"
  dependencies:
    scheduler: "npm:^0.27.0"
  peerDependencies:
    react: ^19.2.4
  checksum: 10c0/f0c63f1794dedb154136d4d0f59af00b41907f4859571c155940296808f4b94bf9c0c20633db75b5b2112ec13d8d7dd4f9bf57362ed48782f317b11d05a44f35
  languageName: node
  linkType: hard

"react@npm:^19.2.0":
  version: 19.2.4
  resolution: "react@npm:19.2.4"
  checksum: 10c0/cd2c9ff67a720799cc3b38a516009986f7fc4cb8d3e15716c6211cf098d1357ee3e348ab05ad0600042bbb0fd888530ba92e329198c92eafa0994f5213396596
  languageName: node
  linkType: hard

"rollup@npm:^4.43.0":
  version: 4.50.1
  resolution: "rollup@npm:4.50.1"
  dependencies:
    "@rollup/rollup-android-arm-eabi": "npm:4.50.1"
    "@rollup/rollup-android-arm64": "npm:4.50.1"
    "@rollup/rollup-darwin-arm64": "npm:4.50.1"
    "@rollup/rollup-darwin-x64": "npm:4.50.1"
    "@rollup/rollup-freebsd-arm64": "npm:4.50.1"
    "@rollup/rollup-freebsd-x64": "npm:4.50.1"
    "@rollup/rollup-linux-arm-gnueabihf": "npm:4.50.1"
    "@rollup/rollup-linux-arm-musleabihf": "npm:4.50.1"
    "@rollup/rollup-linux-arm64-gnu": "npm:4.50.1"
    "@rollup/rollup-linux-arm64-musl": "npm:4.50.1"
    "@rollup/rollup-linux-loongarch64-gnu": "npm:4.50.1"
    "@rollup/rollup-linux-ppc64-gnu": "npm:4.50.1"
    "@rollup/rollup-linux-riscv64-gnu": "npm:4.50.1"
    "@rollup/rollup-linux-riscv64-musl": "npm:4.50.1"
    "@rollup/rollup-linux-s390x-gnu": "npm:4.50.1"
    "@rollup/rollup-linux-x64-gnu": "npm:4.50.1"
    "@rollup/rollup-linux-x64-musl": "npm:4.50.1"
    "@rollup/rollup-openharmony-arm64": "npm:4.50.1"
    "@rollup/rollup-win32-arm64-msvc": "npm:4.50.1"
    "@rollup/rollup-win32-ia32-msvc": "npm:4.50.1"
    "@rollup/rollup-win32-x64-msvc": "npm:4.50.1"
    "@types/estree": "npm:1.0.8"
    fsevents: "npm:~2.3.2"
  dependenciesMeta:
    "@rollup/rollup-android-arm-eabi":
      optional: true
    "@rollup/rollup-android-arm64":
      optional: true
    "@rollup/rollup-darwin-arm64":
      optional: true
    "@rollup/rollup-darwin-x64":
      optional: true
    "@rollup/rollup-freebsd-arm64":
      optional: true
    "@rollup/rollup-freebsd-x64":
      optional: true
    "@rollup/rollup-linux-arm-gnueabihf":
      optional: true
    "@rollup/rollup-linux-arm-musleabihf":
      optional: true
    "@rollup/rollup-linux-arm64-gnu":
      optional: true
    "@rollup/rollup-linux-arm64-musl":
      optional: true
    "@rollup/rollup-linux-loongarch64-gnu":
      optional: true
    "@rollup/rollup-linux-ppc64-gnu":
      optional: true
    "@rollup/rollup-linux-riscv64-gnu":
      optional: true
    "@rollup/rollup-linux-riscv64-musl":
      optional: true
    "@rollup/rollup-linux-s390x-gnu":
      optional: true
    "@rollup/rollup-linux-x64-gnu":
      optional: true
    "@rollup/rollup-linux-x64-musl":
      optional: true
    "@rollup/rollup-openharmony-arm64":
      optional: true
    "@rollup/rollup-win32-arm64-msvc":
      optional: true
    "@rollup/rollup-win32-ia32-msvc":
      optional: true
    "@rollup/rollup-win32-x64-msvc":
      optional: true
    fsevents:
      optional: true
  bin:
    rollup: dist/bin/rollup
  checksum: 10c0/2029282826d5fb4e308be261b2c28329a4d2bd34304cc3960da69fd21d5acccd0267d6770b1656ffc8f166203ef7e865b4583d5f842a519c8ef059ac71854205
  languageName: node
  linkType: hard

"scheduler@npm:^0.27.0":
  version: 0.27.0
  resolution: "scheduler@npm:0.27.0"
  checksum: 10c0/4f03048cb05a3c8fddc45813052251eca00688f413a3cee236d984a161da28db28ba71bd11e7a3dd02f7af84ab28d39fb311431d3b3772fed557945beb00c452
  languageName: node
  linkType: hard

"siginfo@npm:^2.0.0":
  version: 2.0.0
  resolution: "siginfo@npm:2.0.0"
  checksum: 10c0/3def8f8e516fbb34cb6ae415b07ccc5d9c018d85b4b8611e3dc6f8be6d1899f693a4382913c9ed51a06babb5201639d76453ab297d1c54a456544acf5c892e34
  languageName: node
  linkType: hard

"sirv@npm:^3.0.2":
  version: 3.0.2
  resolution: "sirv@npm:3.0.2"
  dependencies:
    "@polka/url": "npm:^1.0.0-next.24"
    mrmime: "npm:^2.0.0"
    totalist: "npm:^3.0.0"
  checksum: 10c0/5930e4397afdb14fbae13751c3be983af4bda5c9aadec832607dc2af15a7162f7d518c71b30e83ae3644b9a24cea041543cc969e5fe2b80af6ce8ea3174b2d04
  languageName: node
  linkType: hard

"source-map-js@npm:^1.2.1":
  version: 1.2.1
  resolution: "source-map-js@npm:1.2.1"
  checksum: 10c0/7bda1fc4c197e3c6ff17de1b8b2c20e60af81b63a52cb32ec5a5d67a20a7d42651e2cb34ebe93833c5a2a084377e17455854fee3e21e7925c64a51b6a52b0faf
  languageName: node
  linkType: hard

"stackback@npm:0.0.2":
  version: 0.0.2
  resolution: "stackback@npm:0.0.2"
  checksum: 10c0/89a1416668f950236dd5ac9f9a6b2588e1b9b62b1b6ad8dff1bfc5d1a15dbf0aafc9b52d2226d00c28dffff212da464eaeebfc6b7578b9d180cef3e3782c5983
  languageName: node
  linkType: hard

"std-env@npm:^3.9.0":
  version: 3.9.0
  resolution: "std-env@npm:3.9.0"
  checksum: 10c0/4a6f9218aef3f41046c3c7ecf1f98df00b30a07f4f35c6d47b28329bc2531eef820828951c7d7b39a1c5eb19ad8a46e3ddfc7deb28f0a2f3ceebee11bab7ba50
  languageName: node
  linkType: hard

"tinybench@npm:^2.9.0":
  version: 2.9.0
  resolution: "tinybench@npm:2.9.0"
  checksum: 10c0/c3500b0f60d2eb8db65250afe750b66d51623057ee88720b7f064894a6cb7eb93360ca824a60a31ab16dab30c7b1f06efe0795b352e37914a9d4bad86386a20c
  languageName: node
  linkType: hard

"tinyexec@npm:^0.3.2":
  version: 0.3.2
  resolution: "tinyexec@npm:0.3.2"
  checksum: 10c0/3efbf791a911be0bf0821eab37a3445c2ba07acc1522b1fa84ae1e55f10425076f1290f680286345ed919549ad67527d07281f1c19d584df3b74326909eb1f90
  languageName: node
  linkType: hard

"tinyglobby@npm:^0.2.15":
  version: 0.2.15
  resolution: "tinyglobby@npm:0.2.15"
  dependencies:
    fdir: "npm:^6.5.0"
    picomatch: "npm:^4.0.3"
  checksum: 10c0/869c31490d0d88eedb8305d178d4c75e7463e820df5a9b9d388291daf93e8b1eb5de1dad1c1e139767e4269fe75f3b10d5009b2cc14db96ff98986920a186844
  languageName: node
  linkType: hard

"tinyrainbow@npm:^3.0.3":
  version: 3.0.3
  resolution: "tinyrainbow@npm:3.0.3"
  checksum: 10c0/1e799d35cd23cabe02e22550985a3051dc88814a979be02dc632a159c393a998628eacfc558e4c746b3006606d54b00bcdea0c39301133956d10a27aa27e988c
  languageName: node
  linkType: hard

"totalist@npm:^3.0.0":
  version: 3.0.1
  resolution: "totalist@npm:3.0.1"
  checksum: 10c0/4bb1fadb69c3edbef91c73ebef9d25b33bbf69afe1e37ce544d5f7d13854cda15e47132f3e0dc4cafe300ddb8578c77c50a65004d8b6e97e77934a69aa924863
  languageName: node
  linkType: hard

"typescript@npm:^5.9.2":
  version: 5.9.2
  resolution: "typescript@npm:5.9.2"
  bin:
    tsc: bin/tsc
    tsserver: bin/tsserver
  checksum: 10c0/cd635d50f02d6cf98ed42de2f76289701c1ec587a363369255f01ed15aaf22be0813226bff3c53e99d971f9b540e0b3cc7583dbe05faded49b1b0bed2f638a18
  languageName: node
  linkType: hard

"typescript@patch:typescript@npm%3A^5.9.2#optional!builtin<compat/typescript>":
  version: 5.9.2
  resolution: "typescript@patch:typescript@npm%3A5.9.2#optional!builtin<compat/typescript>::version=5.9.2&hash=5786d5"
  bin:
    tsc: bin/tsc
    tsserver: bin/tsserver
  checksum: 10c0/34d2a8e23eb8e0d1875072064d5e1d9c102e0bdce56a10a25c0b917b8aa9001a9cf5c225df12497e99da107dc379360bc138163c66b55b95f5b105b50578067e
  languageName: node
  linkType: hard

"vite@npm:^6.0.0 || ^7.0.0":
  version: 7.1.12
  resolution: "vite@npm:7.1.12"
  dependencies:
    esbuild: "npm:^0.25.0"
    fdir: "npm:^6.5.0"
    fsevents: "npm:~2.3.3"
    picomatch: "npm:^4.0.3"
    postcss: "npm:^8.5.6"
    rollup: "npm:^4.43.0"
    tinyglobby: "npm:^0.2.15"
  peerDependencies:
    "@types/node": ^20.19.0 || >=22.12.0
    jiti: ">=1.21.0"
    less: ^4.0.0
    lightningcss: ^1.21.0
    sass: ^1.70.0
    sass-embedded: ^1.70.0
    stylus: ">=0.54.8"
    sugarss: ^5.0.0
    terser: ^5.16.0
    tsx: ^4.8.1
    yaml: ^2.4.2
  dependenciesMeta:
    fsevents:
      optional: true
  peerDependenciesMeta:
    "@types/node":
      optional: true
    jiti:
      optional: true
    less:
      optional: true
    lightningcss:
      optional: true
    sass:
      optional: true
    sass-embedded:
      optional: true
    stylus:
      optional: true
    sugarss:
      optional: true
    terser:
      optional: true
    tsx:
      optional: true
    yaml:
      optional: true
  bin:
    vite: bin/vite.js
  checksum: 10c0/cef4d4b4a84e663e09b858964af36e916892ac8540068df42a05ced637ceeae5e9ef71c72d54f3cfc1f3c254af16634230e221b6e2327c2a66d794bb49203262
  languageName: node
  linkType: hard

"vitest-browser-react@npm:^2.0.0":
  version: 2.0.0
  resolution: "vitest-browser-react@npm:2.0.0"
  peerDependencies:
    "@types/react": ^18.0.0 || ^19.0.0
    "@types/react-dom": ^18.0.0 || ^19.0.0
    react: ^18.0.0 || ^19.0.0
    react-dom: ^18.0.0 || ^19.0.0
    vitest: ^4.0.0-0
  peerDependenciesMeta:
    "@types/react":
      optional: true
    "@types/react-dom":
      optional: true
  checksum: 10c0/0991829d7bb55c6a7fb2828e81b043299a44fd175022f1261adf9ad0eee642f35e88671c95084bc3e25e48f8044b177287b4a45fc19d0645ac333f45402af9aa
  languageName: node
  linkType: hard

"vitest@npm:^4.0.1":
  version: 4.0.2
  resolution: "vitest@npm:4.0.2"
  dependencies:
    "@vitest/expect": "npm:4.0.2"
    "@vitest/mocker": "npm:4.0.2"
    "@vitest/pretty-format": "npm:4.0.2"
    "@vitest/runner": "npm:4.0.2"
    "@vitest/snapshot": "npm:4.0.2"
    "@vitest/spy": "npm:4.0.2"
    "@vitest/utils": "npm:4.0.2"
    debug: "npm:^4.4.3"
    es-module-lexer: "npm:^1.7.0"
    expect-type: "npm:^1.2.2"
    magic-string: "npm:^0.30.19"
    pathe: "npm:^2.0.3"
    picomatch: "npm:^4.0.3"
    std-env: "npm:^3.9.0"
    tinybench: "npm:^2.9.0"
    tinyexec: "npm:^0.3.2"
    tinyglobby: "npm:^0.2.15"
    tinyrainbow: "npm:^3.0.3"
    vite: "npm:^6.0.0 || ^7.0.0"
    why-is-node-running: "npm:^2.3.0"
  peerDependencies:
    "@edge-runtime/vm": "*"
    "@types/debug": ^4.1.12
    "@types/node": ^20.0.0 || ^22.0.0 || >=24.0.0
    "@vitest/browser-playwright": 4.0.2
    "@vitest/browser-preview": 4.0.2
    "@vitest/browser-webdriverio": 4.0.2
    "@vitest/ui": 4.0.2
    happy-dom: "*"
    jsdom: "*"
  peerDependenciesMeta:
    "@edge-runtime/vm":
      optional: true
    "@types/debug":
      optional: true
    "@types/node":
      optional: true
    "@vitest/browser-playwright":
      optional: true
    "@vitest/browser-preview":
      optional: true
    "@vitest/browser-webdriverio":
      optional: true
    "@vitest/ui":
      optional: true
    happy-dom:
      optional: true
    jsdom:
      optional: true
  bin:
    vitest: vitest.mjs
  checksum: 10c0/965d2ad3e3f8d1dc4899ceafce9f81581b54df00df5c36e307d576dd54315223e20ab93fe16a0ee5a47c33696ed72b55b6289bee7e54915d74a48631f61a34fd
  languageName: node
  linkType: hard

"why-is-node-running@npm:^2.3.0":
  version: 2.3.0
  resolution: "why-is-node-running@npm:2.3.0"
  dependencies:
    siginfo: "npm:^2.0.0"
    stackback: "npm:0.0.2"
  bin:
    why-is-node-running: cli.js
  checksum: 10c0/1cde0b01b827d2cf4cb11db962f3958b9175d5d9e7ac7361d1a7b0e2dc6069a263e69118bd974c4f6d0a890ef4eedfe34cf3d5167ec14203dbc9a18620537054
  languageName: node
  linkType: hard

"ws@npm:^8.18.3":
  version: 8.18.3
  resolution: "ws@npm:8.18.3"
  peerDependencies:
    bufferutil: ^4.0.1
    utf-8-validate: ">=5.0.2"
  peerDependenciesMeta:
    bufferutil:
      optional: true
    utf-8-validate:
      optional: true
  checksum: 10c0/eac918213de265ef7cb3d4ca348b891a51a520d839aa51cdb8ca93d4fa7ff9f6ccb339ccee89e4075324097f0a55157c89fa3f7147bde9d8d7e90335dc087b53
  languageName: node
  linkType: hard
